PODS:
  - Alamofire (4.9.0)
  - MarkdownKit (1.5)
  - SwiftLint (0.35.0)

DEPENDENCIES:
  - Alamofire
  - MarkdownKit
  - SwiftLint

SPEC REPOS:
  https://github.com/CocoaPods/Specs.git:
    - Alamofire
    - SwiftLint
  trunk:
    - MarkdownKit

SPEC CHECKSUMS:
  Alamofire: afc3e7c6db61476cb45cdd23fed06bad03bbc321
  MarkdownKit: 379028e9cd3ebf05ccac87205cd9aead446159d4
  SwiftLint: 5553187048b900c91aa03552807681bb6b027846

PODFILE CHECKSUM: a74df8928196e4a2d03731adcf88d4c216e249bf

COCOAPODS: 1.9.1
