// !$*UTF8*$!
{
	archiveVersion = 1;
	classes = {
	};
	objectVersion = 51;
	objects = {

/* Begin PBXBuildFile section */
		8F0D403F227A0AD4000BD840 /* APIError.swift in Sources */ = {isa = PBXBuildFile; fileRef = 8F0D403E227A0AD4000BD840 /* APIError.swift */; };
		8F0D4041227A0D68000BD840 /* OnboardingInfoViewController.swift in Sources */ = {isa = PBXBuildFile; fileRef = 8F0D4040227A0D68000BD840 /* OnboardingInfoViewController.swift */; };
		8F16DE66245A127000EFC1BD /* EmailValidation.swift in Sources */ = {isa = PBXBuildFile; fileRef = 8F16DE65245A127000EFC1BD /* EmailValidation.swift */; };
		8F16DE68245B3D8500EFC1BD /* ShellCoordinator.swift in Sources */ = {isa = PBXBuildFile; fileRef = 8F16DE67245B3D8500EFC1BD /* ShellCoordinator.swift */; };
		8F16DE6A245CE43700EFC1BD /* OnboardingCoordinator.swift in Sources */ = {isa = PBXBuildFile; fileRef = 8F16DE69245CE43700EFC1BD /* OnboardingCoordinator.swift */; };
		8F16DE6C245DB5CB00EFC1BD /* IntegrateInsuranceResponse.swift in Sources */ = {isa = PBXBuildFile; fileRef = 8F16DE6B245DB5CB00EFC1BD /* IntegrateInsuranceResponse.swift */; };
		8F16DE7124609DA300EFC1BD /* AddInsuranceTypeViewController.swift in Sources */ = {isa = PBXBuildFile; fileRef = 8F16DE7024609DA300EFC1BD /* AddInsuranceTypeViewController.swift */; };
		8F16DE7324609F5D00EFC1BD /* AddInsuranceProviderViewController.swift in Sources */ = {isa = PBXBuildFile; fileRef = 8F16DE7224609F5D00EFC1BD /* AddInsuranceProviderViewController.swift */; };
		8F16DE752460A0F200EFC1BD /* AddInsuranceConsentViewController.swift in Sources */ = {isa = PBXBuildFile; fileRef = 8F16DE742460A0F200EFC1BD /* AddInsuranceConsentViewController.swift */; };
		8F16DE772460A22300EFC1BD /* AddInsuranceConfirmationViewController.swift in Sources */ = {isa = PBXBuildFile; fileRef = 8F16DE762460A22300EFC1BD /* AddInsuranceConfirmationViewController.swift */; };
		8F16DE7C246B418F00EFC1BD /* Bell.json in Resources */ = {isa = PBXBuildFile; fileRef = 8F16DE7B246B418F00EFC1BD /* Bell.json */; };
		8F25CA992337AAC100DC3B97 /* FontAwsome+UIExtensions.swift in Sources */ = {isa = PBXBuildFile; fileRef = 8F25CA982337AAC100DC3B97 /* FontAwsome+UIExtensions.swift */; };
		8F25CAA1233E981900DC3B97 /* OauthAuthenticationResponse.swift in Sources */ = {isa = PBXBuildFile; fileRef = 8F25CA9F233E981800DC3B97 /* OauthAuthenticationResponse.swift */; };
		8F25CAA2233E981900DC3B97 /* User.swift in Sources */ = {isa = PBXBuildFile; fileRef = 8F25CAA0233E981800DC3B97 /* User.swift */; };
		8F25CAA523410CB800DC3B97 /* OnboardingInsuranceProviderViewController.swift in Sources */ = {isa = PBXBuildFile; fileRef = 8F25CAA423410CB800DC3B97 /* OnboardingInsuranceProviderViewController.swift */; };
		8F25CAAC23429F7100DC3B97 /* OnboardingInsuranceTypeViewController.swift in Sources */ = {isa = PBXBuildFile; fileRef = 8F25CAAB23429F7100DC3B97 /* OnboardingInsuranceTypeViewController.swift */; };
		8F2BB8E62332D4EB00E8AE4B /* FontLoader.swift in Sources */ = {isa = PBXBuildFile; fileRef = 8F2BB8E52332D4EB00E8AE4B /* FontLoader.swift */; };
		8F3305A023FB32AB00E9B443 /* InsuranceStore.swift in Sources */ = {isa = PBXBuildFile; fileRef = 8F33059F23FB32AA00E9B443 /* InsuranceStore.swift */; };
		8F3305A223FB3A8100E9B443 /* AllInsuranceResponse.swift in Sources */ = {isa = PBXBuildFile; fileRef = 8F3305A123FB3A8100E9B443 /* AllInsuranceResponse.swift */; };
		8F3305A423FB3EEA00E9B443 /* DateFormatter+extension.swift in Sources */ = {isa = PBXBuildFile; fileRef = 8F3305A323FB3EEA00E9B443 /* DateFormatter+extension.swift */; };
		8F3305A62401ECD400E9B443 /* HolkRingChart.swift in Sources */ = {isa = PBXBuildFile; fileRef = 8F3305A52401ECD400E9B443 /* HolkRingChart.swift */; };
		8F3305A82401F27400E9B443 /* HolkRingChartLayer.swift in Sources */ = {isa = PBXBuildFile; fileRef = 8F3305A72401F27300E9B443 /* HolkRingChartLayer.swift */; };
		8F3305AA24029CBF00E9B443 /* HolkRingChartDataSource+Delegate.swift in Sources */ = {isa = PBXBuildFile; fileRef = 8F3305A924029CBF00E9B443 /* HolkRingChartDataSource+Delegate.swift */; };
		8F3C7DAC23F3439A002EDA57 /* OnboardingInsuranceCell.swift in Sources */ = {isa = PBXBuildFile; fileRef = 8F3C7DAB23F3439A002EDA57 /* OnboardingInsuranceCell.swift */; };
		8F3C7DAE23F4AB63002EDA57 /* OnboardingConsentViewController.swift in Sources */ = {isa = PBXBuildFile; fileRef = 8F3C7DAD23F4AB63002EDA57 /* OnboardingConsentViewController.swift */; };
		8F3C7DB023F82865002EDA57 /* InsuranceCredentialStore.swift in Sources */ = {isa = PBXBuildFile; fileRef = 8F3C7DAF23F82865002EDA57 /* InsuranceCredentialStore.swift */; };
		8F3C7DB223F833B4002EDA57 /* OnboardingConfirmationViewController.swift in Sources */ = {isa = PBXBuildFile; fileRef = 8F3C7DB123F833B4002EDA57 /* OnboardingConfirmationViewController.swift */; };
		8F48BE6723315F49004D79D2 /* HolkIllustrationLabel.swift in Sources */ = {isa = PBXBuildFile; fileRef = 8F48BE6623315F49004D79D2 /* HolkIllustrationLabel.swift */; };
		8F48BE6C2332C7C7004D79D2 /* FontAwsomeEnum.swift in Sources */ = {isa = PBXBuildFile; fileRef = 8F48BE6B2332C7C7004D79D2 /* FontAwsomeEnum.swift */; };
		8F4965DB2412F17E00DEAFC1 /* HolkRingChartIconView.swift in Sources */ = {isa = PBXBuildFile; fileRef = 8F4965DA2412F17E00DEAFC1 /* HolkRingChartIconView.swift */; };
		8F4965DD2412F70100DEAFC1 /* HolkRingChartIconsView.swift in Sources */ = {isa = PBXBuildFile; fileRef = 8F4965DC2412F70100DEAFC1 /* HolkRingChartIconsView.swift */; };
		8F4965DF24130EA200DEAFC1 /* FloatingPoint+extension.swift in Sources */ = {isa = PBXBuildFile; fileRef = 8F4965DE24130EA200DEAFC1 /* FloatingPoint+extension.swift */; };
		8F4965E124154DC800DEAFC1 /* Montserrat-Bold.ttf in Resources */ = {isa = PBXBuildFile; fileRef = 8F4965E024154DC800DEAFC1 /* Montserrat-Bold.ttf */; };
		8F54C244242C07E000D72FD7 /* Result+extension.swift in Sources */ = {isa = PBXBuildFile; fileRef = 8F54C243242C07E000D72FD7 /* Result+extension.swift */; };
		8F54C246242C1FDC00D72FD7 /* UserInfoResponse.swift in Sources */ = {isa = PBXBuildFile; fileRef = 8F54C245242C1FDC00D72FD7 /* UserInfoResponse.swift */; };
		8F54C24B242FD76E00D72FD7 /* HomeInsuranceDetailTableViewCell.swift in Sources */ = {isa = PBXBuildFile; fileRef = 8F54C24A242FD76E00D72FD7 /* HomeInsuranceDetailTableViewCell.swift */; };
		8F54C24D2431266900D72FD7 /* InsuranceDetailViewController.swift in Sources */ = {isa = PBXBuildFile; fileRef = 8F54C24C2431266800D72FD7 /* InsuranceDetailViewController.swift */; };
		8F54C24F24328C0E00D72FD7 /* InsuranceDetailTransition.swift in Sources */ = {isa = PBXBuildFile; fileRef = 8F54C24E24328C0E00D72FD7 /* InsuranceDetailTransition.swift */; };
		8F5AF02423C6759C00690373 /* MockType.swift in Sources */ = {isa = PBXBuildFile; fileRef = 8F5AF02323C6759C00690373 /* MockType.swift */; };
		8F5B5A3722771ED400E79A40 /* StoryboardsSegues.swift in Sources */ = {isa = PBXBuildFile; fileRef = 8F5B5A3422771ED400E79A40 /* StoryboardsSegues.swift */; };
		8F5B5A3822771ED400E79A40 /* StringConstants.swift in Sources */ = {isa = PBXBuildFile; fileRef = 8F5B5A3522771ED400E79A40 /* StringConstants.swift */; };
		8F5B5A3922771ED400E79A40 /* StoryboardsScenes.swift in Sources */ = {isa = PBXBuildFile; fileRef = 8F5B5A3622771ED400E79A40 /* StoryboardsScenes.swift */; };
		8F5B5A3B22783D0200E79A40 /* TabBarController.swift in Sources */ = {isa = PBXBuildFile; fileRef = 8F5B5A3A22783D0200E79A40 /* TabBarController.swift */; };
		8F5BE489246FE16A006AE8AF /* OnboardingCell.swift in Sources */ = {isa = PBXBuildFile; fileRef = 8F5BE488246FE16A006AE8AF /* OnboardingCell.swift */; };
		8F5BE48B2471E68D006AE8AF /* OnboardingContainerViewController.swift in Sources */ = {isa = PBXBuildFile; fileRef = 8F5BE48A2471E68D006AE8AF /* OnboardingContainerViewController.swift */; };
		8F5BE48D24745EF5006AE8AF /* AddInsuranceContainerViewController.swift in Sources */ = {isa = PBXBuildFile; fileRef = 8F5BE48C24745EF5006AE8AF /* AddInsuranceContainerViewController.swift */; };
		8F5BE48F247AF819006AE8AF /* Montserrat-Medium.ttf in Resources */ = {isa = PBXBuildFile; fileRef = 8F5BE48E247AF819006AE8AF /* Montserrat-Medium.ttf */; };
		8F5BE491247AF8D5006AE8AF /* Montserrat-Regular.ttf in Resources */ = {isa = PBXBuildFile; fileRef = 8F5BE490247AF8D5006AE8AF /* Montserrat-Regular.ttf */; };
		8F5D89D0244B356A007F1B26 /* ScrapingStatusResponse.swift in Sources */ = {isa = PBXBuildFile; fileRef = 8F5D89CF244B3569007F1B26 /* ScrapingStatusResponse.swift */; };
		8F5D89D5244B364B007F1B26 /* ProviderStatus.swift in Sources */ = {isa = PBXBuildFile; fileRef = 8F5D89D2244B364B007F1B26 /* ProviderStatus.swift */; };
		8F5D89D6244B364B007F1B26 /* ProviderStatusResponse.swift in Sources */ = {isa = PBXBuildFile; fileRef = 8F5D89D3244B364B007F1B26 /* ProviderStatusResponse.swift */; };
		8F5D89DA244CFD2B007F1B26 /* HolkFloatingCardView.swift in Sources */ = {isa = PBXBuildFile; fileRef = 8F5D89D9244CFD2B007F1B26 /* HolkFloatingCardView.swift */; };
		8F5D89DD244E45E3007F1B26 /* UICollectionViewCompositionalLayout+extension.swift in Sources */ = {isa = PBXBuildFile; fileRef = 8F5D89DC244E45E3007F1B26 /* UICollectionViewCompositionalLayout+extension.swift */; };
		8F5D89DF244EEB40007F1B26 /* InsuranceSuggestionCardCollectionViewCell.swift in Sources */ = {isa = PBXBuildFile; fileRef = 8F5D89DE244EEB40007F1B26 /* InsuranceSuggestionCardCollectionViewCell.swift */; };
		8F5D89E124505D23007F1B26 /* APIClient.swift in Sources */ = {isa = PBXBuildFile; fileRef = 8F5D89E024505D23007F1B26 /* APIClient.swift */; };
		8F5D89E52450F11C007F1B26 /* AuthenticationService.swift in Sources */ = {isa = PBXBuildFile; fileRef = 8F5D89E42450F11C007F1B26 /* AuthenticationService.swift */; };
		8F5D89E724534AB8007F1B26 /* UserStore.swift in Sources */ = {isa = PBXBuildFile; fileRef = 8F5D89E624534AB8007F1B26 /* UserStore.swift */; };
		8F5D89E924535028007F1B26 /* UserService.swift in Sources */ = {isa = PBXBuildFile; fileRef = 8F5D89E824535028007F1B26 /* UserService.swift */; };
		8F5FA9422454EEBD009201A3 /* ProviderService.swift in Sources */ = {isa = PBXBuildFile; fileRef = 8F5FA9412454EEBD009201A3 /* ProviderService.swift */; };
		8F65466C230C78990053B3F8 /* HolkButton.swift in Sources */ = {isa = PBXBuildFile; fileRef = 8F65466B230C78990053B3F8 /* HolkButton.swift */; };
		8F65466F230DC4CC0053B3F8 /* HolkTextField.swift in Sources */ = {isa = PBXBuildFile; fileRef = 8F65466E230DC4CC0053B3F8 /* HolkTextField.swift */; };
		8F6546712316FE190053B3F8 /* NewUserViewController.swift in Sources */ = {isa = PBXBuildFile; fileRef = 8F6546702316FE190053B3F8 /* NewUserViewController.swift */; };
		8F66F2FC23BBFB580083DC3A /* BankIDAuthenticationResponse.swift in Sources */ = {isa = PBXBuildFile; fileRef = 8F66F2FB23BBFB580083DC3A /* BankIDAuthenticationResponse.swift */; };
		8F66F2FE23BC04F90083DC3A /* LoadingViewController.swift in Sources */ = {isa = PBXBuildFile; fileRef = 8F66F2FD23BC04F90083DC3A /* LoadingViewController.swift */; };
		8F691D332455C32F0093E965 /* URLRequest+extension.swift in Sources */ = {isa = PBXBuildFile; fileRef = 8F691D322455C32F0093E965 /* URLRequest+extension.swift */; };
		8F691D3624562ED30093E965 /* AddUserEmailRequest.swift in Sources */ = {isa = PBXBuildFile; fileRef = 8F691D3524562ED30093E965 /* AddUserEmailRequest.swift */; };
		8F691D38245760310093E965 /* InsuranceService.swift in Sources */ = {isa = PBXBuildFile; fileRef = 8F691D37245760310093E965 /* InsuranceService.swift */; };
		8F691D3A24588C9C0093E965 /* InsuranceCredentialService.swift in Sources */ = {isa = PBXBuildFile; fileRef = 8F691D3924588C9C0093E965 /* InsuranceCredentialService.swift */; };
		8F6BCA3922F73CBF004B887E /* Font Awesome 5 Pro-Solid-900.otf in Resources */ = {isa = PBXBuildFile; fileRef = 8F6BCA3422F73CBF004B887E /* Font Awesome 5 Pro-Solid-900.otf */; };
		8F6BCA3A22F73CBF004B887E /* Font Awesome 5 Brands-Regular-400.otf in Resources */ = {isa = PBXBuildFile; fileRef = 8F6BCA3522F73CBF004B887E /* Font Awesome 5 Brands-Regular-400.otf */; };
		8F6BCA3B22F73CBF004B887E /* Font Awesome 5 Pro-Regular-400.otf in Resources */ = {isa = PBXBuildFile; fileRef = 8F6BCA3622F73CBF004B887E /* Font Awesome 5 Pro-Regular-400.otf */; };
		8F6BCA3C22F73CBF004B887E /* Font Awesome 5 Pro-Light-300.otf in Resources */ = {isa = PBXBuildFile; fileRef = 8F6BCA3722F73CBF004B887E /* Font Awesome 5 Pro-Light-300.otf */; };
		8F6BCA3D22F73CBF004B887E /* Font Awesome 5 Duotone-Solid-900.otf in Resources */ = {isa = PBXBuildFile; fileRef = 8F6BCA3822F73CBF004B887E /* Font Awesome 5 Duotone-Solid-900.otf */; };
		8F7C442A23511C1200B54A36 /* AuthenticationStore.swift in Sources */ = {isa = PBXBuildFile; fileRef = 8F7C442923511C1200B54A36 /* AuthenticationStore.swift */; };
		8F7C442C23511C5900B54A36 /* APIEndpoint.swift in Sources */ = {isa = PBXBuildFile; fileRef = 8F7C442B23511C5900B54A36 /* APIEndpoint.swift */; };
		8F7C44302351336E00B54A36 /* BankIDService.swift in Sources */ = {isa = PBXBuildFile; fileRef = 8F7C442F2351336E00B54A36 /* BankIDService.swift */; };
		8F858A4723CB377B006B416A /* Parser.swift in Sources */ = {isa = PBXBuildFile; fileRef = 8F858A4623CB377B006B416A /* Parser.swift */; };
		8F858A4B23CD1470006B416A /* Poppins-Regular.ttf in Resources */ = {isa = PBXBuildFile; fileRef = 8F858A4A23CD1470006B416A /* Poppins-Regular.ttf */; };
		8F858A4D23CD16FD006B416A /* Poppins-SemiBold.ttf in Resources */ = {isa = PBXBuildFile; fileRef = 8F858A4C23CD16FC006B416A /* Poppins-SemiBold.ttf */; };
		8F9807E722722D5E00584BA9 /* StoreController.swift in Sources */ = {isa = PBXBuildFile; fileRef = 8F9807E622722D5E00584BA9 /* StoreController.swift */; };
		8F9807E92276F10E00584BA9 /* InsuranceCoordinator.swift in Sources */ = {isa = PBXBuildFile; fileRef = 8F9807E82276F10E00584BA9 /* InsuranceCoordinator.swift */; };
		8F9F6D9A23DA41A900B1727E /* HolkProgressBarView.swift in Sources */ = {isa = PBXBuildFile; fileRef = 8F9F6D9923DA41A900B1727E /* HolkProgressBarView.swift */; };
		8FA5F375239D832C00083430 /* ProviderStore.swift in Sources */ = {isa = PBXBuildFile; fileRef = 8FA5F374239D832C00083430 /* ProviderStore.swift */; };
		8FA766C82440F729007EB2A2 /* HolkRoundBackgroundLabel.swift in Sources */ = {isa = PBXBuildFile; fileRef = 8FA766C72440F729007EB2A2 /* HolkRoundBackgroundLabel.swift */; };
		8FA766CB24411265007EB2A2 /* UIScrollView+extension.swift in Sources */ = {isa = PBXBuildFile; fileRef = 8FA766CA24411265007EB2A2 /* UIScrollView+extension.swift */; };
		8FA766CD24433AA3007EB2A2 /* UILabel+extension.swift in Sources */ = {isa = PBXBuildFile; fileRef = 8FA766CC24433AA3007EB2A2 /* UILabel+extension.swift */; };
		8FA766CF24435607007EB2A2 /* FontStyleGuide.swift in Sources */ = {isa = PBXBuildFile; fileRef = 8FA766CE24435607007EB2A2 /* FontStyleGuide.swift */; };
		8FA766D124447BD8007EB2A2 /* Poppins-Medium.ttf in Resources */ = {isa = PBXBuildFile; fileRef = 8FA766D024447BD8007EB2A2 /* Poppins-Medium.ttf */; };
		8FA8F10E232D377F00670471 /* Color.xcassets in Resources */ = {isa = PBXBuildFile; fileRef = 8FA8F10D232D377F00670471 /* Color.xcassets */; };
		8FA8F1122330148300670471 /* FontAwesome.swift in Sources */ = {isa = PBXBuildFile; fileRef = 8FA8F1112330148300670471 /* FontAwesome.swift */; };
		8FA941552353ADC200844D97 /* SessionCoordinator.swift in Sources */ = {isa = PBXBuildFile; fileRef = 8FA941542353ADC200844D97 /* SessionCoordinator.swift */; };
		8FACE89623E767A900DCE741 /* UIButton+extension.swift in Sources */ = {isa = PBXBuildFile; fileRef = 8FACE89523E767A900DCE741 /* UIButton+extension.swift */; };
		8FC296BB23E237D0002A39D1 /* LandingPageViewController.swift in Sources */ = {isa = PBXBuildFile; fileRef = 8FC296BA23E237D0002A39D1 /* LandingPageViewController.swift */; };
		8FC296BE23E7614D002A39D1 /* LandingInfoViewController.swift in Sources */ = {isa = PBXBuildFile; fileRef = 8FC296BD23E7614D002A39D1 /* LandingInfoViewController.swift */; };
		8FC81CEC2483FB4400F6BC8C /* Lato-Regular.ttf in Resources */ = {isa = PBXBuildFile; fileRef = 8FC81CEB2483FB4400F6BC8C /* Lato-Regular.ttf */; };
		8FC81CEE2483FB4C00F6BC8C /* Lato-Bold.ttf in Resources */ = {isa = PBXBuildFile; fileRef = 8FC81CED2483FB4C00F6BC8C /* Lato-Bold.ttf */; };
		8FC81CF02484011D00F6BC8C /* InsuranceViewController.swift in Sources */ = {isa = PBXBuildFile; fileRef = 8FC81CEF2484011D00F6BC8C /* InsuranceViewController.swift */; };
		8FC81CF22484051500F6BC8C /* HomeInsurnaceCollectionViewCell.swift in Sources */ = {isa = PBXBuildFile; fileRef = 8FC81CF12484051500F6BC8C /* HomeInsurnaceCollectionViewCell.swift */; };
		8FC81CF5248C478900F6BC8C /* HomeInsuranceBeneficiaryCollectionViewCell.swift in Sources */ = {isa = PBXBuildFile; fileRef = 8FC81CF4248C478900F6BC8C /* HomeInsuranceBeneficiaryCollectionViewCell.swift */; };
		8FCEE9AE23254AAC00F75FB8 /* KeyboardEventObserver.swift in Sources */ = {isa = PBXBuildFile; fileRef = 8FCEE9AD23254AAC00F75FB8 /* KeyboardEventObserver.swift */; };
		8FCEE9B123254B6C00F75FB8 /* KeyboardEventContext.swift in Sources */ = {isa = PBXBuildFile; fileRef = 8FCEE9B023254B6C00F75FB8 /* KeyboardEventContext.swift */; };
		8FCEE9B323254C2D00F75FB8 /* KeyboardEventFloatingViewHandler.swift in Sources */ = {isa = PBXBuildFile; fileRef = 8FCEE9B223254C2D00F75FB8 /* KeyboardEventFloatingViewHandler.swift */; };
		8FD67678248EDBFF00E62820 /* HomeInsuranceCostCollectionViewCell.swift in Sources */ = {isa = PBXBuildFile; fileRef = 8FD67677248EDBFF00E62820 /* HomeInsuranceCostCollectionViewCell.swift */; };
		8FD6767A248EE66800E62820 /* UITableView+UICollectionView+extension.swift in Sources */ = {isa = PBXBuildFile; fileRef = 8FD67679248EE66800E62820 /* UITableView+UICollectionView+extension.swift */; };
		8FD6767C2490192B00E62820 /* InsuranceTransition.swift in Sources */ = {isa = PBXBuildFile; fileRef = 8FD6767B2490192B00E62820 /* InsuranceTransition.swift */; };
		8FD6767F2492C91A00E62820 /* GapSuggestion.swift in Sources */ = {isa = PBXBuildFile; fileRef = 8FD6767E2492C91A00E62820 /* GapSuggestion.swift */; };
		8FD676812492C9CC00E62820 /* SuggestionsListResponse.swift in Sources */ = {isa = PBXBuildFile; fileRef = 8FD676802492C9CC00E62820 /* SuggestionsListResponse.swift */; };
		8FD676832492CB0700E62820 /* SuggestionStore.swift in Sources */ = {isa = PBXBuildFile; fileRef = 8FD676822492CB0700E62820 /* SuggestionStore.swift */; };
		8FD676852492CE0600E62820 /* SuggestionService.swift in Sources */ = {isa = PBXBuildFile; fileRef = 8FD676842492CE0600E62820 /* SuggestionService.swift */; };
		8FD676882493F7A400E62820 /* InsuranceGapsSuggestionViewController.swift in Sources */ = {isa = PBXBuildFile; fileRef = 8FD676872493F7A400E62820 /* InsuranceGapsSuggestionViewController.swift */; };
		8FD6768A2493F7C300E62820 /* InsuranceThinkOfSuggestionViewController.swift in Sources */ = {isa = PBXBuildFile; fileRef = 8FD676892493F7C300E62820 /* InsuranceThinkOfSuggestionViewController.swift */; };
		8FD6768C2495107400E62820 /* InsuranceGapsSuggestionCollectionViewCell.swift in Sources */ = {isa = PBXBuildFile; fileRef = 8FD6768B2495107400E62820 /* InsuranceGapsSuggestionCollectionViewCell.swift */; };
		8FD6768E24951C8700E62820 /* ThinkOfSuggestion.swift in Sources */ = {isa = PBXBuildFile; fileRef = 8FD6768D24951C8700E62820 /* ThinkOfSuggestion.swift */; };
		8FD67691249527AC00E62820 /* InsuranceSuggestionHeaderView.swift in Sources */ = {isa = PBXBuildFile; fileRef = 8FD67690249527AC00E62820 /* InsuranceSuggestionHeaderView.swift */; };
		8FD84E682270E732009D563D /* AppDelegate.swift in Sources */ = {isa = PBXBuildFile; fileRef = 8FD84E672270E732009D563D /* AppDelegate.swift */; };
		8FD84E6F2270E736009D563D /* Assets.xcassets in Resources */ = {isa = PBXBuildFile; fileRef = 8FD84E6E2270E736009D563D /* Assets.xcassets */; };
		8FD84E722270E736009D563D /* LaunchScreen.storyboard in Resources */ = {isa = PBXBuildFile; fileRef = 8FD84E702270E736009D563D /* LaunchScreen.storyboard */; };
		8FD84E7D2270E736009D563D /* HolkTests.swift in Sources */ = {isa = PBXBuildFile; fileRef = 8FD84E7C2270E736009D563D /* HolkTests.swift */; };
		8FE52F09239BBDEF001A77F5 /* KeychainService.swift in Sources */ = {isa = PBXBuildFile; fileRef = 8FE52F08239BBDEF001A77F5 /* KeychainService.swift */; };
		8FF0BEFF241AF4E800BB5A6A /* UINavigationController+extension.swift in Sources */ = {isa = PBXBuildFile; fileRef = 8FF0BEFE241AF4E800BB5A6A /* UINavigationController+extension.swift */; };
		8FF6E72422A70F6600F6D398 /* Then.swift in Sources */ = {isa = PBXBuildFile; fileRef = 8FF6E72322A70F6600F6D398 /* Then.swift */; };
		8FF6E72622AC0D2800F6D398 /* Color.swift in Sources */ = {isa = PBXBuildFile; fileRef = 8FF6E72522AC0D2800F6D398 /* Color.swift */; };
		8FF6E72822B026DB00F6D398 /* InsuranceListViewController.swift in Sources */ = {isa = PBXBuildFile; fileRef = 8FF6E72722B026DB00F6D398 /* InsuranceListViewController.swift */; };
		8FF6E72D22B0333000F6D398 /* InsuranceCollectionViewCell.swift in Sources */ = {isa = PBXBuildFile; fileRef = 8FF6E72C22B0333000F6D398 /* InsuranceCollectionViewCell.swift */; };
		8FF6E73422B57DA800F6D398 /* UITableViewCell+UICollectionViewCell+extension.swift in Sources */ = {isa = PBXBuildFile; fileRef = 8FF6E73322B57DA800F6D398 /* UITableViewCell+UICollectionViewCell+extension.swift */; };
		8FF6E73B22B6B55800F6D398 /* InsuranceProtectionViewController.swift in Sources */ = {isa = PBXBuildFile; fileRef = 8FF6E73A22B6B55800F6D398 /* InsuranceProtectionViewController.swift */; };
		8FF6E73D22B6B59B00F6D398 /* InsuranceProtectionCoordinator.swift in Sources */ = {isa = PBXBuildFile; fileRef = 8FF6E73C22B6B59B00F6D398 /* InsuranceProtectionCoordinator.swift */; };
		8FF6E74122B82D1100F6D398 /* Font.swift in Sources */ = {isa = PBXBuildFile; fileRef = 8FF6E74022B82D1100F6D398 /* Font.swift */; };
		8FF6E74A22B82F3600F6D398 /* Montserrat-ExtraBold.ttf in Resources */ = {isa = PBXBuildFile; fileRef = 8FF6E74922B82F3600F6D398 /* Montserrat-ExtraBold.ttf */; };
		8FF6E75222B960B300F6D398 /* UIImage+extension.swift in Sources */ = {isa = PBXBuildFile; fileRef = 8FF6E75122B960B300F6D398 /* UIImage+extension.swift */; };
		8FF6E75422B9634400F6D398 /* HolkSegmentedControl.swift in Sources */ = {isa = PBXBuildFile; fileRef = 8FF6E75322B9634400F6D398 /* HolkSegmentedControl.swift */; };
		BAF35E3A0FC2681C15010270 /* Pods_Holk.framework in Frameworks */ = {isa = PBXBuildFile; fileRef = D8FE8B9DA95EB0FD6E86D7C8 /* Pods_Holk.framework */; };
		BEC69268D196FC01992EDBB1 /* Pods_HolkTests.framework in Frameworks */ = {isa = PBXBuildFile; fileRef = 8B80DFE433079278D0CE38BB /* Pods_HolkTests.framework */; };
/* End PBXBuildFile section */

/* Begin PBXContainerItemProxy section */
		8FD84E792270E736009D563D /* PBXContainerItemProxy */ = {
			isa = PBXContainerItemProxy;
			containerPortal = 8FD84E5C2270E732009D563D /* Project object */;
			proxyType = 1;
			remoteGlobalIDString = 8FD84E632270E732009D563D;
			remoteInfo = Holk;
		};
/* End PBXContainerItemProxy section */

/* Begin PBXFileReference section */
		724CB890DF743E54198823B2 /* Pods-HolkTests.debug.xcconfig */ = {isa = PBXFileReference; includeInIndex = 1; lastKnownFileType = text.xcconfig; name = "Pods-HolkTests.debug.xcconfig"; path = "Pods/Target Support Files/Pods-HolkTests/Pods-HolkTests.debug.xcconfig"; sourceTree = "<group>"; };
		8B80DFE433079278D0CE38BB /* Pods_HolkTests.framework */ = {isa = PBXFileReference; explicitFileType = wrapper.framework; includeInIndex = 0; path = Pods_HolkTests.framework; sourceTree = BUILT_PRODUCTS_DIR; };
		8BE4C8D20BBE4A002F7E3A10 /* Pods-Holk.release.xcconfig */ = {isa = PBXFileReference; includeInIndex = 1; lastKnownFileType = text.xcconfig; name = "Pods-Holk.release.xcconfig"; path = "Pods/Target Support Files/Pods-Holk/Pods-Holk.release.xcconfig"; sourceTree = "<group>"; };
		8F0D403E227A0AD4000BD840 /* APIError.swift */ = {isa = PBXFileReference; lastKnownFileType = sourcecode.swift; path = APIError.swift; sourceTree = "<group>"; };
		8F0D4040227A0D68000BD840 /* OnboardingInfoViewController.swift */ = {isa = PBXFileReference; lastKnownFileType = sourcecode.swift; path = OnboardingInfoViewController.swift; sourceTree = "<group>"; };
		8F16DE65245A127000EFC1BD /* EmailValidation.swift */ = {isa = PBXFileReference; lastKnownFileType = sourcecode.swift; path = EmailValidation.swift; sourceTree = "<group>"; };
		8F16DE67245B3D8500EFC1BD /* ShellCoordinator.swift */ = {isa = PBXFileReference; lastKnownFileType = sourcecode.swift; path = ShellCoordinator.swift; sourceTree = "<group>"; };
		8F16DE69245CE43700EFC1BD /* OnboardingCoordinator.swift */ = {isa = PBXFileReference; lastKnownFileType = sourcecode.swift; path = OnboardingCoordinator.swift; sourceTree = "<group>"; };
		8F16DE6B245DB5CB00EFC1BD /* IntegrateInsuranceResponse.swift */ = {isa = PBXFileReference; fileEncoding = 4; lastKnownFileType = sourcecode.swift; path = IntegrateInsuranceResponse.swift; sourceTree = "<group>"; };
		8F16DE7024609DA300EFC1BD /* AddInsuranceTypeViewController.swift */ = {isa = PBXFileReference; lastKnownFileType = sourcecode.swift; path = AddInsuranceTypeViewController.swift; sourceTree = "<group>"; };
		8F16DE7224609F5D00EFC1BD /* AddInsuranceProviderViewController.swift */ = {isa = PBXFileReference; lastKnownFileType = sourcecode.swift; path = AddInsuranceProviderViewController.swift; sourceTree = "<group>"; };
		8F16DE742460A0F200EFC1BD /* AddInsuranceConsentViewController.swift */ = {isa = PBXFileReference; lastKnownFileType = sourcecode.swift; path = AddInsuranceConsentViewController.swift; sourceTree = "<group>"; };
		8F16DE762460A22300EFC1BD /* AddInsuranceConfirmationViewController.swift */ = {isa = PBXFileReference; lastKnownFileType = sourcecode.swift; path = AddInsuranceConfirmationViewController.swift; sourceTree = "<group>"; };
		8F16DE7B246B418F00EFC1BD /* Bell.json */ = {isa = PBXFileReference; fileEncoding = 4; lastKnownFileType = text.json; path = Bell.json; sourceTree = "<group>"; };
		8F25CA982337AAC100DC3B97 /* FontAwsome+UIExtensions.swift */ = {isa = PBXFileReference; lastKnownFileType = sourcecode.swift; path = "FontAwsome+UIExtensions.swift"; sourceTree = "<group>"; };
		8F25CA9F233E981800DC3B97 /* OauthAuthenticationResponse.swift */ = {isa = PBXFileReference; fileEncoding = 4; lastKnownFileType = sourcecode.swift; name = OauthAuthenticationResponse.swift; path = Holk/Onboarding/Model/OauthAuthenticationResponse.swift; sourceTree = SOURCE_ROOT; };
		8F25CAA0233E981800DC3B97 /* User.swift */ = {isa = PBXFileReference; fileEncoding = 4; lastKnownFileType = sourcecode.swift; name = User.swift; path = Holk/Stores/User.swift; sourceTree = SOURCE_ROOT; };
		8F25CAA423410CB800DC3B97 /* OnboardingInsuranceProviderViewController.swift */ = {isa = PBXFileReference; lastKnownFileType = sourcecode.swift; path = OnboardingInsuranceProviderViewController.swift; sourceTree = "<group>"; };
		8F25CAAB23429F7100DC3B97 /* OnboardingInsuranceTypeViewController.swift */ = {isa = PBXFileReference; lastKnownFileType = sourcecode.swift; path = OnboardingInsuranceTypeViewController.swift; sourceTree = "<group>"; };
		8F2BB8E52332D4EB00E8AE4B /* FontLoader.swift */ = {isa = PBXFileReference; lastKnownFileType = sourcecode.swift; path = FontLoader.swift; sourceTree = "<group>"; };
		8F33059F23FB32AA00E9B443 /* InsuranceStore.swift */ = {isa = PBXFileReference; lastKnownFileType = sourcecode.swift; path = InsuranceStore.swift; sourceTree = "<group>"; };
		8F3305A123FB3A8100E9B443 /* AllInsuranceResponse.swift */ = {isa = PBXFileReference; lastKnownFileType = sourcecode.swift; path = AllInsuranceResponse.swift; sourceTree = "<group>"; };
		8F3305A323FB3EEA00E9B443 /* DateFormatter+extension.swift */ = {isa = PBXFileReference; lastKnownFileType = sourcecode.swift; path = "DateFormatter+extension.swift"; sourceTree = "<group>"; };
		8F3305A52401ECD400E9B443 /* HolkRingChart.swift */ = {isa = PBXFileReference; lastKnownFileType = sourcecode.swift; path = HolkRingChart.swift; sourceTree = "<group>"; };
		8F3305A72401F27300E9B443 /* HolkRingChartLayer.swift */ = {isa = PBXFileReference; lastKnownFileType = sourcecode.swift; path = HolkRingChartLayer.swift; sourceTree = "<group>"; };
		8F3305A924029CBF00E9B443 /* HolkRingChartDataSource+Delegate.swift */ = {isa = PBXFileReference; lastKnownFileType = sourcecode.swift; path = "HolkRingChartDataSource+Delegate.swift"; sourceTree = "<group>"; };
		8F3C7DAB23F3439A002EDA57 /* OnboardingInsuranceCell.swift */ = {isa = PBXFileReference; lastKnownFileType = sourcecode.swift; path = OnboardingInsuranceCell.swift; sourceTree = "<group>"; };
		8F3C7DAD23F4AB63002EDA57 /* OnboardingConsentViewController.swift */ = {isa = PBXFileReference; lastKnownFileType = sourcecode.swift; path = OnboardingConsentViewController.swift; sourceTree = "<group>"; };
		8F3C7DAF23F82865002EDA57 /* InsuranceCredentialStore.swift */ = {isa = PBXFileReference; lastKnownFileType = sourcecode.swift; path = InsuranceCredentialStore.swift; sourceTree = "<group>"; };
		8F3C7DB123F833B4002EDA57 /* OnboardingConfirmationViewController.swift */ = {isa = PBXFileReference; lastKnownFileType = sourcecode.swift; path = OnboardingConfirmationViewController.swift; sourceTree = "<group>"; };
		8F48BE6623315F49004D79D2 /* HolkIllustrationLabel.swift */ = {isa = PBXFileReference; lastKnownFileType = sourcecode.swift; path = HolkIllustrationLabel.swift; sourceTree = "<group>"; };
		8F48BE6B2332C7C7004D79D2 /* FontAwsomeEnum.swift */ = {isa = PBXFileReference; fileEncoding = 4; lastKnownFileType = sourcecode.swift; path = FontAwsomeEnum.swift; sourceTree = "<group>"; };
		8F4965DA2412F17E00DEAFC1 /* HolkRingChartIconView.swift */ = {isa = PBXFileReference; lastKnownFileType = sourcecode.swift; path = HolkRingChartIconView.swift; sourceTree = "<group>"; };
		8F4965DC2412F70100DEAFC1 /* HolkRingChartIconsView.swift */ = {isa = PBXFileReference; lastKnownFileType = sourcecode.swift; path = HolkRingChartIconsView.swift; sourceTree = "<group>"; };
		8F4965DE24130EA200DEAFC1 /* FloatingPoint+extension.swift */ = {isa = PBXFileReference; lastKnownFileType = sourcecode.swift; path = "FloatingPoint+extension.swift"; sourceTree = "<group>"; };
		8F4965E024154DC800DEAFC1 /* Montserrat-Bold.ttf */ = {isa = PBXFileReference; lastKnownFileType = file; path = "Montserrat-Bold.ttf"; sourceTree = "<group>"; };
		8F54C243242C07E000D72FD7 /* Result+extension.swift */ = {isa = PBXFileReference; lastKnownFileType = sourcecode.swift; path = "Result+extension.swift"; sourceTree = "<group>"; };
		8F54C245242C1FDC00D72FD7 /* UserInfoResponse.swift */ = {isa = PBXFileReference; lastKnownFileType = sourcecode.swift; path = UserInfoResponse.swift; sourceTree = "<group>"; };
		8F54C24A242FD76E00D72FD7 /* HomeInsuranceDetailTableViewCell.swift */ = {isa = PBXFileReference; lastKnownFileType = sourcecode.swift; path = HomeInsuranceDetailTableViewCell.swift; sourceTree = "<group>"; };
		8F54C24C2431266800D72FD7 /* InsuranceDetailViewController.swift */ = {isa = PBXFileReference; lastKnownFileType = sourcecode.swift; path = InsuranceDetailViewController.swift; sourceTree = "<group>"; };
		8F54C24E24328C0E00D72FD7 /* InsuranceDetailTransition.swift */ = {isa = PBXFileReference; lastKnownFileType = sourcecode.swift; path = InsuranceDetailTransition.swift; sourceTree = "<group>"; };
		8F5AF02323C6759C00690373 /* MockType.swift */ = {isa = PBXFileReference; lastKnownFileType = sourcecode.swift; path = MockType.swift; sourceTree = "<group>"; };
		8F5B5A3422771ED400E79A40 /* StoryboardsSegues.swift */ = {isa = PBXFileReference; fileEncoding = 4; lastKnownFileType = sourcecode.swift; path = StoryboardsSegues.swift; sourceTree = "<group>"; };
		8F5B5A3522771ED400E79A40 /* StringConstants.swift */ = {isa = PBXFileReference; fileEncoding = 4; lastKnownFileType = sourcecode.swift; path = StringConstants.swift; sourceTree = "<group>"; };
		8F5B5A3622771ED400E79A40 /* StoryboardsScenes.swift */ = {isa = PBXFileReference; fileEncoding = 4; lastKnownFileType = sourcecode.swift; path = StoryboardsScenes.swift; sourceTree = "<group>"; };
		8F5B5A3A22783D0200E79A40 /* TabBarController.swift */ = {isa = PBXFileReference; lastKnownFileType = sourcecode.swift; path = TabBarController.swift; sourceTree = "<group>"; };
		8F5BE488246FE16A006AE8AF /* OnboardingCell.swift */ = {isa = PBXFileReference; lastKnownFileType = sourcecode.swift; path = OnboardingCell.swift; sourceTree = "<group>"; };
		8F5BE48A2471E68D006AE8AF /* OnboardingContainerViewController.swift */ = {isa = PBXFileReference; fileEncoding = 4; lastKnownFileType = sourcecode.swift; path = OnboardingContainerViewController.swift; sourceTree = "<group>"; };
		8F5BE48C24745EF5006AE8AF /* AddInsuranceContainerViewController.swift */ = {isa = PBXFileReference; lastKnownFileType = sourcecode.swift; path = AddInsuranceContainerViewController.swift; sourceTree = "<group>"; };
		8F5BE48E247AF819006AE8AF /* Montserrat-Medium.ttf */ = {isa = PBXFileReference; lastKnownFileType = file; path = "Montserrat-Medium.ttf"; sourceTree = "<group>"; };
		8F5BE490247AF8D5006AE8AF /* Montserrat-Regular.ttf */ = {isa = PBXFileReference; lastKnownFileType = file; path = "Montserrat-Regular.ttf"; sourceTree = "<group>"; };
		8F5D89CF244B3569007F1B26 /* ScrapingStatusResponse.swift */ = {isa = PBXFileReference; fileEncoding = 4; lastKnownFileType = sourcecode.swift; name = ScrapingStatusResponse.swift; path = "../../../../../Downloads/swift5-client/SwaggerClient/Classes/Swaggers/Models/ScrapingStatusResponse.swift"; sourceTree = "<group>"; };
		8F5D89D2244B364B007F1B26 /* ProviderStatus.swift */ = {isa = PBXFileReference; fileEncoding = 4; lastKnownFileType = sourcecode.swift; path = ProviderStatus.swift; sourceTree = "<group>"; };
		8F5D89D3244B364B007F1B26 /* ProviderStatusResponse.swift */ = {isa = PBXFileReference; fileEncoding = 4; lastKnownFileType = sourcecode.swift; path = ProviderStatusResponse.swift; sourceTree = "<group>"; };
		8F5D89D9244CFD2B007F1B26 /* HolkFloatingCardView.swift */ = {isa = PBXFileReference; lastKnownFileType = sourcecode.swift; path = HolkFloatingCardView.swift; sourceTree = "<group>"; };
		8F5D89DC244E45E3007F1B26 /* UICollectionViewCompositionalLayout+extension.swift */ = {isa = PBXFileReference; lastKnownFileType = sourcecode.swift; path = "UICollectionViewCompositionalLayout+extension.swift"; sourceTree = "<group>"; };
		8F5D89DE244EEB40007F1B26 /* InsuranceSuggestionCardCollectionViewCell.swift */ = {isa = PBXFileReference; lastKnownFileType = sourcecode.swift; path = InsuranceSuggestionCardCollectionViewCell.swift; sourceTree = "<group>"; };
		8F5D89E024505D23007F1B26 /* APIClient.swift */ = {isa = PBXFileReference; lastKnownFileType = sourcecode.swift; path = APIClient.swift; sourceTree = "<group>"; };
		8F5D89E42450F11C007F1B26 /* AuthenticationService.swift */ = {isa = PBXFileReference; lastKnownFileType = sourcecode.swift; path = AuthenticationService.swift; sourceTree = "<group>"; };
		8F5D89E624534AB8007F1B26 /* UserStore.swift */ = {isa = PBXFileReference; lastKnownFileType = sourcecode.swift; path = UserStore.swift; sourceTree = "<group>"; };
		8F5D89E824535028007F1B26 /* UserService.swift */ = {isa = PBXFileReference; lastKnownFileType = sourcecode.swift; path = UserService.swift; sourceTree = "<group>"; };
		8F5FA9412454EEBD009201A3 /* ProviderService.swift */ = {isa = PBXFileReference; lastKnownFileType = sourcecode.swift; path = ProviderService.swift; sourceTree = "<group>"; };
		8F65466B230C78990053B3F8 /* HolkButton.swift */ = {isa = PBXFileReference; lastKnownFileType = sourcecode.swift; path = HolkButton.swift; sourceTree = "<group>"; };
		8F65466E230DC4CC0053B3F8 /* HolkTextField.swift */ = {isa = PBXFileReference; lastKnownFileType = sourcecode.swift; path = HolkTextField.swift; sourceTree = "<group>"; };
		8F6546702316FE190053B3F8 /* NewUserViewController.swift */ = {isa = PBXFileReference; lastKnownFileType = sourcecode.swift; path = NewUserViewController.swift; sourceTree = "<group>"; };
		8F66F2FB23BBFB580083DC3A /* BankIDAuthenticationResponse.swift */ = {isa = PBXFileReference; lastKnownFileType = sourcecode.swift; name = BankIDAuthenticationResponse.swift; path = Holk/Stores/BankIDAuthenticationResponse.swift; sourceTree = SOURCE_ROOT; };
		8F66F2FD23BC04F90083DC3A /* LoadingViewController.swift */ = {isa = PBXFileReference; lastKnownFileType = sourcecode.swift; path = LoadingViewController.swift; sourceTree = "<group>"; };
		8F691D322455C32F0093E965 /* URLRequest+extension.swift */ = {isa = PBXFileReference; lastKnownFileType = sourcecode.swift; path = "URLRequest+extension.swift"; sourceTree = "<group>"; };
		8F691D3524562ED30093E965 /* AddUserEmailRequest.swift */ = {isa = PBXFileReference; lastKnownFileType = sourcecode.swift; path = AddUserEmailRequest.swift; sourceTree = "<group>"; };
		8F691D37245760310093E965 /* InsuranceService.swift */ = {isa = PBXFileReference; lastKnownFileType = sourcecode.swift; path = InsuranceService.swift; sourceTree = "<group>"; };
		8F691D3924588C9C0093E965 /* InsuranceCredentialService.swift */ = {isa = PBXFileReference; lastKnownFileType = sourcecode.swift; path = InsuranceCredentialService.swift; sourceTree = "<group>"; };
		8F6BCA3422F73CBF004B887E /* Font Awesome 5 Pro-Solid-900.otf */ = {isa = PBXFileReference; lastKnownFileType = file; path = "Font Awesome 5 Pro-Solid-900.otf"; sourceTree = "<group>"; };
		8F6BCA3522F73CBF004B887E /* Font Awesome 5 Brands-Regular-400.otf */ = {isa = PBXFileReference; lastKnownFileType = file; path = "Font Awesome 5 Brands-Regular-400.otf"; sourceTree = "<group>"; };
		8F6BCA3622F73CBF004B887E /* Font Awesome 5 Pro-Regular-400.otf */ = {isa = PBXFileReference; lastKnownFileType = file; path = "Font Awesome 5 Pro-Regular-400.otf"; sourceTree = "<group>"; };
		8F6BCA3722F73CBF004B887E /* Font Awesome 5 Pro-Light-300.otf */ = {isa = PBXFileReference; lastKnownFileType = file; path = "Font Awesome 5 Pro-Light-300.otf"; sourceTree = "<group>"; };
		8F6BCA3822F73CBF004B887E /* Font Awesome 5 Duotone-Solid-900.otf */ = {isa = PBXFileReference; lastKnownFileType = file; path = "Font Awesome 5 Duotone-Solid-900.otf"; sourceTree = "<group>"; };
		8F7C442923511C1200B54A36 /* AuthenticationStore.swift */ = {isa = PBXFileReference; lastKnownFileType = sourcecode.swift; path = AuthenticationStore.swift; sourceTree = "<group>"; };
		8F7C442B23511C5900B54A36 /* APIEndpoint.swift */ = {isa = PBXFileReference; lastKnownFileType = sourcecode.swift; path = APIEndpoint.swift; sourceTree = "<group>"; };
		8F7C442F2351336E00B54A36 /* BankIDService.swift */ = {isa = PBXFileReference; lastKnownFileType = sourcecode.swift; path = BankIDService.swift; sourceTree = "<group>"; };
		8F858A4623CB377B006B416A /* Parser.swift */ = {isa = PBXFileReference; lastKnownFileType = sourcecode.swift; path = Parser.swift; sourceTree = "<group>"; };
		8F858A4A23CD1470006B416A /* Poppins-Regular.ttf */ = {isa = PBXFileReference; lastKnownFileType = file; path = "Poppins-Regular.ttf"; sourceTree = "<group>"; };
		8F858A4C23CD16FC006B416A /* Poppins-SemiBold.ttf */ = {isa = PBXFileReference; lastKnownFileType = file; path = "Poppins-SemiBold.ttf"; sourceTree = "<group>"; };
		8F9807E622722D5E00584BA9 /* StoreController.swift */ = {isa = PBXFileReference; lastKnownFileType = sourcecode.swift; path = StoreController.swift; sourceTree = "<group>"; };
		8F9807E82276F10E00584BA9 /* InsuranceCoordinator.swift */ = {isa = PBXFileReference; lastKnownFileType = sourcecode.swift; path = InsuranceCoordinator.swift; sourceTree = "<group>"; };
		8F9F6D9923DA41A900B1727E /* HolkProgressBarView.swift */ = {isa = PBXFileReference; lastKnownFileType = sourcecode.swift; path = HolkProgressBarView.swift; sourceTree = "<group>"; };
		8FA5F374239D832C00083430 /* ProviderStore.swift */ = {isa = PBXFileReference; lastKnownFileType = sourcecode.swift; path = ProviderStore.swift; sourceTree = "<group>"; };
		8FA766C72440F729007EB2A2 /* HolkRoundBackgroundLabel.swift */ = {isa = PBXFileReference; lastKnownFileType = sourcecode.swift; path = HolkRoundBackgroundLabel.swift; sourceTree = "<group>"; };
		8FA766CA24411265007EB2A2 /* UIScrollView+extension.swift */ = {isa = PBXFileReference; lastKnownFileType = sourcecode.swift; path = "UIScrollView+extension.swift"; sourceTree = "<group>"; };
		8FA766CC24433AA3007EB2A2 /* UILabel+extension.swift */ = {isa = PBXFileReference; lastKnownFileType = sourcecode.swift; path = "UILabel+extension.swift"; sourceTree = "<group>"; };
		8FA766CE24435607007EB2A2 /* FontStyleGuide.swift */ = {isa = PBXFileReference; lastKnownFileType = sourcecode.swift; path = FontStyleGuide.swift; sourceTree = "<group>"; };
		8FA766D024447BD8007EB2A2 /* Poppins-Medium.ttf */ = {isa = PBXFileReference; lastKnownFileType = file; path = "Poppins-Medium.ttf"; sourceTree = "<group>"; };
		8FA8F10D232D377F00670471 /* Color.xcassets */ = {isa = PBXFileReference; lastKnownFileType = folder.assetcatalog; path = Color.xcassets; sourceTree = "<group>"; };
		8FA8F1112330148300670471 /* FontAwesome.swift */ = {isa = PBXFileReference; lastKnownFileType = sourcecode.swift; path = FontAwesome.swift; sourceTree = "<group>"; };
		8FA941542353ADC200844D97 /* SessionCoordinator.swift */ = {isa = PBXFileReference; lastKnownFileType = sourcecode.swift; path = SessionCoordinator.swift; sourceTree = "<group>"; };
		8FACE89523E767A900DCE741 /* UIButton+extension.swift */ = {isa = PBXFileReference; lastKnownFileType = sourcecode.swift; path = "UIButton+extension.swift"; sourceTree = "<group>"; };
		8FC296BA23E237D0002A39D1 /* LandingPageViewController.swift */ = {isa = PBXFileReference; lastKnownFileType = sourcecode.swift; path = LandingPageViewController.swift; sourceTree = "<group>"; };
		8FC296BD23E7614D002A39D1 /* LandingInfoViewController.swift */ = {isa = PBXFileReference; lastKnownFileType = sourcecode.swift; path = LandingInfoViewController.swift; sourceTree = "<group>"; };
		8FC81CEB2483FB4400F6BC8C /* Lato-Regular.ttf */ = {isa = PBXFileReference; lastKnownFileType = file; path = "Lato-Regular.ttf"; sourceTree = "<group>"; };
		8FC81CED2483FB4C00F6BC8C /* Lato-Bold.ttf */ = {isa = PBXFileReference; lastKnownFileType = file; path = "Lato-Bold.ttf"; sourceTree = "<group>"; };
		8FC81CEF2484011D00F6BC8C /* InsuranceViewController.swift */ = {isa = PBXFileReference; lastKnownFileType = sourcecode.swift; path = InsuranceViewController.swift; sourceTree = "<group>"; };
		8FC81CF12484051500F6BC8C /* HomeInsurnaceCollectionViewCell.swift */ = {isa = PBXFileReference; lastKnownFileType = sourcecode.swift; path = HomeInsurnaceCollectionViewCell.swift; sourceTree = "<group>"; };
		8FC81CF4248C478900F6BC8C /* HomeInsuranceBeneficiaryCollectionViewCell.swift */ = {isa = PBXFileReference; lastKnownFileType = sourcecode.swift; path = HomeInsuranceBeneficiaryCollectionViewCell.swift; sourceTree = "<group>"; };
		8FCEE9AD23254AAC00F75FB8 /* KeyboardEventObserver.swift */ = {isa = PBXFileReference; lastKnownFileType = sourcecode.swift; path = KeyboardEventObserver.swift; sourceTree = "<group>"; };
		8FCEE9B023254B6C00F75FB8 /* KeyboardEventContext.swift */ = {isa = PBXFileReference; lastKnownFileType = sourcecode.swift; path = KeyboardEventContext.swift; sourceTree = "<group>"; };
		8FCEE9B223254C2D00F75FB8 /* KeyboardEventFloatingViewHandler.swift */ = {isa = PBXFileReference; lastKnownFileType = sourcecode.swift; path = KeyboardEventFloatingViewHandler.swift; sourceTree = "<group>"; };
		8FD67677248EDBFF00E62820 /* HomeInsuranceCostCollectionViewCell.swift */ = {isa = PBXFileReference; lastKnownFileType = sourcecode.swift; path = HomeInsuranceCostCollectionViewCell.swift; sourceTree = "<group>"; };
		8FD67679248EE66800E62820 /* UITableView+UICollectionView+extension.swift */ = {isa = PBXFileReference; lastKnownFileType = sourcecode.swift; path = "UITableView+UICollectionView+extension.swift"; sourceTree = "<group>"; };
		8FD6767B2490192B00E62820 /* InsuranceTransition.swift */ = {isa = PBXFileReference; lastKnownFileType = sourcecode.swift; path = InsuranceTransition.swift; sourceTree = "<group>"; };
		8FD6767E2492C91A00E62820 /* GapSuggestion.swift */ = {isa = PBXFileReference; lastKnownFileType = sourcecode.swift; path = GapSuggestion.swift; sourceTree = "<group>"; };
		8FD676802492C9CC00E62820 /* SuggestionsListResponse.swift */ = {isa = PBXFileReference; lastKnownFileType = sourcecode.swift; path = SuggestionsListResponse.swift; sourceTree = "<group>"; };
		8FD676822492CB0700E62820 /* SuggestionStore.swift */ = {isa = PBXFileReference; lastKnownFileType = sourcecode.swift; path = SuggestionStore.swift; sourceTree = "<group>"; };
		8FD676842492CE0600E62820 /* SuggestionService.swift */ = {isa = PBXFileReference; lastKnownFileType = sourcecode.swift; path = SuggestionService.swift; sourceTree = "<group>"; };
		8FD676872493F7A400E62820 /* InsuranceGapsSuggestionViewController.swift */ = {isa = PBXFileReference; lastKnownFileType = sourcecode.swift; path = InsuranceGapsSuggestionViewController.swift; sourceTree = "<group>"; };
		8FD676892493F7C300E62820 /* InsuranceThinkOfSuggestionViewController.swift */ = {isa = PBXFileReference; lastKnownFileType = sourcecode.swift; name = InsuranceThinkOfSuggestionViewController.swift; path = "/Users/zhangmenghao/Developer/holk-iOS/Holk/ListInsurance/InsurnaceSuggestion/InsuranceThinkOfSuggestionViewController.swift"; sourceTree = "<absolute>"; };
		8FD6768B2495107400E62820 /* InsuranceGapsSuggestionCollectionViewCell.swift */ = {isa = PBXFileReference; lastKnownFileType = sourcecode.swift; path = InsuranceGapsSuggestionCollectionViewCell.swift; sourceTree = "<group>"; };
		8FD6768D24951C8700E62820 /* ThinkOfSuggestion.swift */ = {isa = PBXFileReference; lastKnownFileType = sourcecode.swift; path = ThinkOfSuggestion.swift; sourceTree = "<group>"; };
		8FD67690249527AC00E62820 /* InsuranceSuggestionHeaderView.swift */ = {isa = PBXFileReference; lastKnownFileType = sourcecode.swift; path = InsuranceSuggestionHeaderView.swift; sourceTree = "<group>"; };
		8FD84E642270E732009D563D /* Holk.app */ = {isa = PBXFileReference; explicitFileType = wrapper.application; includeInIndex = 0; path = Holk.app; sourceTree = BUILT_PRODUCTS_DIR; };
		8FD84E672270E732009D563D /* AppDelegate.swift */ = {isa = PBXFileReference; lastKnownFileType = sourcecode.swift; path = AppDelegate.swift; sourceTree = "<group>"; };
		8FD84E6E2270E736009D563D /* Assets.xcassets */ = {isa = PBXFileReference; lastKnownFileType = folder.assetcatalog; path = Assets.xcassets; sourceTree = "<group>"; };
		8FD84E712270E736009D563D /* Base */ = {isa = PBXFileReference; lastKnownFileType = file.storyboard; name = Base; path = Base.lproj/LaunchScreen.storyboard; sourceTree = "<group>"; };
		8FD84E732270E736009D563D /* Info.plist */ = {isa = PBXFileReference; lastKnownFileType = text.plist.xml; path = Info.plist; sourceTree = "<group>"; };
		8FD84E782270E736009D563D /* HolkTests.xctest */ = {isa = PBXFileReference; explicitFileType = wrapper.cfbundle; includeInIndex = 0; path = HolkTests.xctest; sourceTree = BUILT_PRODUCTS_DIR; };
		8FD84E7C2270E736009D563D /* HolkTests.swift */ = {isa = PBXFileReference; lastKnownFileType = sourcecode.swift; path = HolkTests.swift; sourceTree = "<group>"; };
		8FD84E7E2270E736009D563D /* Info.plist */ = {isa = PBXFileReference; lastKnownFileType = text.plist.xml; path = Info.plist; sourceTree = "<group>"; };
		8FE52F08239BBDEF001A77F5 /* KeychainService.swift */ = {isa = PBXFileReference; lastKnownFileType = sourcecode.swift; path = KeychainService.swift; sourceTree = "<group>"; };
		8FF0BEFE241AF4E800BB5A6A /* UINavigationController+extension.swift */ = {isa = PBXFileReference; lastKnownFileType = sourcecode.swift; path = "UINavigationController+extension.swift"; sourceTree = "<group>"; };
		8FF6E72322A70F6600F6D398 /* Then.swift */ = {isa = PBXFileReference; lastKnownFileType = sourcecode.swift; path = Then.swift; sourceTree = "<group>"; };
		8FF6E72522AC0D2800F6D398 /* Color.swift */ = {isa = PBXFileReference; lastKnownFileType = sourcecode.swift; path = Color.swift; sourceTree = "<group>"; };
		8FF6E72722B026DB00F6D398 /* InsuranceListViewController.swift */ = {isa = PBXFileReference; lastKnownFileType = sourcecode.swift; path = InsuranceListViewController.swift; sourceTree = "<group>"; };
		8FF6E72C22B0333000F6D398 /* InsuranceCollectionViewCell.swift */ = {isa = PBXFileReference; lastKnownFileType = sourcecode.swift; path = InsuranceCollectionViewCell.swift; sourceTree = "<group>"; };
		8FF6E73322B57DA800F6D398 /* UITableViewCell+UICollectionViewCell+extension.swift */ = {isa = PBXFileReference; lastKnownFileType = sourcecode.swift; path = "UITableViewCell+UICollectionViewCell+extension.swift"; sourceTree = "<group>"; };
		8FF6E73A22B6B55800F6D398 /* InsuranceProtectionViewController.swift */ = {isa = PBXFileReference; lastKnownFileType = sourcecode.swift; path = InsuranceProtectionViewController.swift; sourceTree = "<group>"; };
		8FF6E73C22B6B59B00F6D398 /* InsuranceProtectionCoordinator.swift */ = {isa = PBXFileReference; lastKnownFileType = sourcecode.swift; path = InsuranceProtectionCoordinator.swift; sourceTree = "<group>"; };
		8FF6E74022B82D1100F6D398 /* Font.swift */ = {isa = PBXFileReference; lastKnownFileType = sourcecode.swift; path = Font.swift; sourceTree = "<group>"; };
		8FF6E74922B82F3600F6D398 /* Montserrat-ExtraBold.ttf */ = {isa = PBXFileReference; lastKnownFileType = file; path = "Montserrat-ExtraBold.ttf"; sourceTree = "<group>"; };
		8FF6E75122B960B300F6D398 /* UIImage+extension.swift */ = {isa = PBXFileReference; lastKnownFileType = sourcecode.swift; path = "UIImage+extension.swift"; sourceTree = "<group>"; };
		8FF6E75322B9634400F6D398 /* HolkSegmentedControl.swift */ = {isa = PBXFileReference; lastKnownFileType = sourcecode.swift; path = HolkSegmentedControl.swift; sourceTree = "<group>"; };
		97E98E517D78DF88FA66A5F6 /* Pods-Holk.debug.xcconfig */ = {isa = PBXFileReference; includeInIndex = 1; lastKnownFileType = text.xcconfig; name = "Pods-Holk.debug.xcconfig"; path = "Pods/Target Support Files/Pods-Holk/Pods-Holk.debug.xcconfig"; sourceTree = "<group>"; };
		CBDD3942014B08C5EE16C7C5 /* Pods-HolkTests.release.xcconfig */ = {isa = PBXFileReference; includeInIndex = 1; lastKnownFileType = text.xcconfig; name = "Pods-HolkTests.release.xcconfig"; path = "Pods/Target Support Files/Pods-HolkTests/Pods-HolkTests.release.xcconfig"; sourceTree = "<group>"; };
		D8FE8B9DA95EB0FD6E86D7C8 /* Pods_Holk.framework */ = {isa = PBXFileReference; explicitFileType = wrapper.framework; includeInIndex = 0; path = Pods_Holk.framework; sourceTree = BUILT_PRODUCTS_DIR; };
/* End PBXFileReference section */

/* Begin PBXFrameworksBuildPhase section */
		8FD84E612270E732009D563D /* Frameworks */ = {
			isa = PBXFrameworksBuildPhase;
			buildActionMask = 2147483647;
			files = (
				BAF35E3A0FC2681C15010270 /* Pods_Holk.framework in Frameworks */,
			);
			runOnlyForDeploymentPostprocessing = 0;
		};
		8FD84E752270E736009D563D /* Frameworks */ = {
			isa = PBXFrameworksBuildPhase;
			buildActionMask = 2147483647;
			files = (
				BEC69268D196FC01992EDBB1 /* Pods_HolkTests.framework in Frameworks */,
			);
			runOnlyForDeploymentPostprocessing = 0;
		};
/* End PBXFrameworksBuildPhase section */

/* Begin PBXGroup section */
		0B1D4942EAFB4C13DE6E7319 /* Pods */ = {
			isa = PBXGroup;
			children = (
				97E98E517D78DF88FA66A5F6 /* Pods-Holk.debug.xcconfig */,
				8BE4C8D20BBE4A002F7E3A10 /* Pods-Holk.release.xcconfig */,
				724CB890DF743E54198823B2 /* Pods-HolkTests.debug.xcconfig */,
				CBDD3942014B08C5EE16C7C5 /* Pods-HolkTests.release.xcconfig */,
			);
			name = Pods;
			sourceTree = "<group>";
		};
		5B632780DB11E4688323F27B /* Frameworks */ = {
			isa = PBXGroup;
			children = (
				D8FE8B9DA95EB0FD6E86D7C8 /* Pods_Holk.framework */,
				8B80DFE433079278D0CE38BB /* Pods_HolkTests.framework */,
			);
			name = Frameworks;
			sourceTree = "<group>";
		};
		8F16DE6D2460831C00EFC1BD /* AddInsurance */ = {
			isa = PBXGroup;
			children = (
				8F5BE48C24745EF5006AE8AF /* AddInsuranceContainerViewController.swift */,
				8F16DE7024609DA300EFC1BD /* AddInsuranceTypeViewController.swift */,
				8F16DE7224609F5D00EFC1BD /* AddInsuranceProviderViewController.swift */,
				8F16DE742460A0F200EFC1BD /* AddInsuranceConsentViewController.swift */,
				8F16DE762460A22300EFC1BD /* AddInsuranceConfirmationViewController.swift */,
			);
			path = AddInsurance;
			sourceTree = "<group>";
		};
		8F16DE7A246B417300EFC1BD /* Illustration */ = {
			isa = PBXGroup;
			children = (
				8F16DE7B246B418F00EFC1BD /* Bell.json */,
			);
			path = Illustration;
			sourceTree = "<group>";
		};
		8F5AF02023C6679E00690373 /* InsuranceProvider */ = {
			isa = PBXGroup;
			children = (
				8F5D89D2244B364B007F1B26 /* ProviderStatus.swift */,
				8F5D89D3244B364B007F1B26 /* ProviderStatusResponse.swift */,
				8F5AF02323C6759C00690373 /* MockType.swift */,
			);
			path = InsuranceProvider;
			sourceTree = "<group>";
		};
		8F5B5A3322771EBF00E79A40 /* Generated */ = {
			isa = PBXGroup;
			children = (
				8F48BE6B2332C7C7004D79D2 /* FontAwsomeEnum.swift */,
				8F5B5A3622771ED400E79A40 /* StoryboardsScenes.swift */,
				8F5B5A3422771ED400E79A40 /* StoryboardsSegues.swift */,
				8F5B5A3522771ED400E79A40 /* StringConstants.swift */,
			);
			path = Generated;
			sourceTree = "<group>";
		};
		8F5D89DB244E4452007F1B26 /* CustomCollectionLayout */ = {
			isa = PBXGroup;
			children = (
				8F5D89DC244E45E3007F1B26 /* UICollectionViewCompositionalLayout+extension.swift */,
			);
			path = CustomCollectionLayout;
			sourceTree = "<group>";
		};
		8F5D89E32450EAE3007F1B26 /* Service */ = {
			isa = PBXGroup;
			children = (
				8F5D89E42450F11C007F1B26 /* AuthenticationService.swift */,
				8F5D89E824535028007F1B26 /* UserService.swift */,
				8F5FA9412454EEBD009201A3 /* ProviderService.swift */,
				8F691D3924588C9C0093E965 /* InsuranceCredentialService.swift */,
				8F691D37245760310093E965 /* InsuranceService.swift */,
				8FD676842492CE0600E62820 /* SuggestionService.swift */,
			);
			path = Service;
			sourceTree = "<group>";
		};
		8F654669230195840053B3F8 /* Transition */ = {
			isa = PBXGroup;
			children = (
				8FD6767B2490192B00E62820 /* InsuranceTransition.swift */,
				8F54C24E24328C0E00D72FD7 /* InsuranceDetailTransition.swift */,
			);
			path = Transition;
			sourceTree = "<group>";
		};
		8F691D3424562EBC0093E965 /* User */ = {
			isa = PBXGroup;
			children = (
				8F54C245242C1FDC00D72FD7 /* UserInfoResponse.swift */,
				8F691D3524562ED30093E965 /* AddUserEmailRequest.swift */,
			);
			path = User;
			sourceTree = "<group>";
		};
		8F7C442D2351333C00B54A36 /* Application */ = {
			isa = PBXGroup;
			children = (
				8FD84E672270E732009D563D /* AppDelegate.swift */,
			);
			path = Application;
			sourceTree = "<group>";
		};
		8F858A4523CB376B006B416A /* Extension */ = {
			isa = PBXGroup;
			children = (
				8FF6E72322A70F6600F6D398 /* Then.swift */,
				8FA766CC24433AA3007EB2A2 /* UILabel+extension.swift */,
				8FACE89523E767A900DCE741 /* UIButton+extension.swift */,
				8FA766CA24411265007EB2A2 /* UIScrollView+extension.swift */,
				8FF6E73322B57DA800F6D398 /* UITableViewCell+UICollectionViewCell+extension.swift */,
				8FD67679248EE66800E62820 /* UITableView+UICollectionView+extension.swift */,
				8FF6E75122B960B300F6D398 /* UIImage+extension.swift */,
				8F3305A323FB3EEA00E9B443 /* DateFormatter+extension.swift */,
				8F4965DE24130EA200DEAFC1 /* FloatingPoint+extension.swift */,
				8FF0BEFE241AF4E800BB5A6A /* UINavigationController+extension.swift */,
				8F54C243242C07E000D72FD7 /* Result+extension.swift */,
				8F691D322455C32F0093E965 /* URLRequest+extension.swift */,
			);
			path = Extension;
			sourceTree = "<group>";
		};
		8F9C83D822A313EE005BB336 /* InsuranceOverview */ = {
			isa = PBXGroup;
			children = (
				8F9807E82276F10E00584BA9 /* InsuranceCoordinator.swift */,
				8FF6E72722B026DB00F6D398 /* InsuranceListViewController.swift */,
				8FC81CEF2484011D00F6BC8C /* InsuranceViewController.swift */,
				8F54C24C2431266800D72FD7 /* InsuranceDetailViewController.swift */,
				8FF6E72922B02CBB00F6D398 /* Cells */,
			);
			path = InsuranceOverview;
			sourceTree = "<group>";
		};
		8F9C83DD22A6E316005BB336 /* CustomView */ = {
			isa = PBXGroup;
			children = (
				8F5D89DB244E4452007F1B26 /* CustomCollectionLayout */,
				8FF6E75322B9634400F6D398 /* HolkSegmentedControl.swift */,
				8F65466B230C78990053B3F8 /* HolkButton.swift */,
				8F65466E230DC4CC0053B3F8 /* HolkTextField.swift */,
				8F48BE6623315F49004D79D2 /* HolkIllustrationLabel.swift */,
				8FA766C72440F729007EB2A2 /* HolkRoundBackgroundLabel.swift */,
				8F5D89D9244CFD2B007F1B26 /* HolkFloatingCardView.swift */,
				8F9F6D9923DA41A900B1727E /* HolkProgressBarView.swift */,
				8FA766C92440F8F0007EB2A2 /* HolkRingChart */,
				8FCEE9AF23254B5700F75FB8 /* KeyboardEvent */,
			);
			path = CustomView;
			sourceTree = "<group>";
		};
		8FA766C92440F8F0007EB2A2 /* HolkRingChart */ = {
			isa = PBXGroup;
			children = (
				8F3305A52401ECD400E9B443 /* HolkRingChart.swift */,
				8F4965DA2412F17E00DEAFC1 /* HolkRingChartIconView.swift */,
				8F4965DC2412F70100DEAFC1 /* HolkRingChartIconsView.swift */,
				8F3305A72401F27300E9B443 /* HolkRingChartLayer.swift */,
				8F3305A924029CBF00E9B443 /* HolkRingChartDataSource+Delegate.swift */,
			);
			path = HolkRingChart;
			sourceTree = "<group>";
		};
		8FC296BC23E75D08002A39D1 /* LandingPage */ = {
			isa = PBXGroup;
			children = (
				8FC296BA23E237D0002A39D1 /* LandingPageViewController.swift */,
				8FC296BD23E7614D002A39D1 /* LandingInfoViewController.swift */,
				8F0D4040227A0D68000BD840 /* OnboardingInfoViewController.swift */,
			);
			path = LandingPage;
			sourceTree = "<group>";
		};
		8FC81CF3248975E700F6BC8C /* HomeInsuranceCell */ = {
			isa = PBXGroup;
			children = (
				8FC81CF12484051500F6BC8C /* HomeInsurnaceCollectionViewCell.swift */,
				8FC81CF4248C478900F6BC8C /* HomeInsuranceBeneficiaryCollectionViewCell.swift */,
				8FD67677248EDBFF00E62820 /* HomeInsuranceCostCollectionViewCell.swift */,
				8F54C24A242FD76E00D72FD7 /* HomeInsuranceDetailTableViewCell.swift */,
			);
			path = HomeInsuranceCell;
			sourceTree = "<group>";
		};
		8FCEE9AF23254B5700F75FB8 /* KeyboardEvent */ = {
			isa = PBXGroup;
			children = (
				8FCEE9AD23254AAC00F75FB8 /* KeyboardEventObserver.swift */,
				8FCEE9B023254B6C00F75FB8 /* KeyboardEventContext.swift */,
				8FCEE9B223254C2D00F75FB8 /* KeyboardEventFloatingViewHandler.swift */,
			);
			path = KeyboardEvent;
			sourceTree = "<group>";
		};
		8FD6767D2492C8FB00E62820 /* Suggestion */ = {
			isa = PBXGroup;
			children = (
				8FD6767E2492C91A00E62820 /* GapSuggestion.swift */,
				8FD6768D24951C8700E62820 /* ThinkOfSuggestion.swift */,
				8FD676802492C9CC00E62820 /* SuggestionsListResponse.swift */,
			);
			path = Suggestion;
			sourceTree = "<group>";
		};
		8FD676862493F78800E62820 /* InsurnaceSuggestion */ = {
			isa = PBXGroup;
			children = (
				8FD676872493F7A400E62820 /* InsuranceGapsSuggestionViewController.swift */,
				8FD676892493F7C300E62820 /* InsuranceThinkOfSuggestionViewController.swift */,
				8FD6768F2495279500E62820 /* Cell */,
			);
			path = InsurnaceSuggestion;
			sourceTree = "<group>";
		};
		8FD6768F2495279500E62820 /* Cell */ = {
			isa = PBXGroup;
			children = (
				8FD6768B2495107400E62820 /* InsuranceGapsSuggestionCollectionViewCell.swift */,
				8FD67690249527AC00E62820 /* InsuranceSuggestionHeaderView.swift */,
			);
			path = Cell;
			sourceTree = "<group>";
		};
		8FD84E5B2270E732009D563D = {
			isa = PBXGroup;
			children = (
				8FD84E662270E732009D563D /* Holk */,
				8FD84E7B2270E736009D563D /* HolkTests */,
				8FD84E652270E732009D563D /* Products */,
				0B1D4942EAFB4C13DE6E7319 /* Pods */,
				5B632780DB11E4688323F27B /* Frameworks */,
			);
			sourceTree = "<group>";
		};
		8FD84E652270E732009D563D /* Products */ = {
			isa = PBXGroup;
			children = (
				8FD84E642270E732009D563D /* Holk.app */,
				8FD84E782270E736009D563D /* HolkTests.xctest */,
			);
			name = Products;
			sourceTree = "<group>";
		};
		8FD84E662270E732009D563D /* Holk */ = {
			isa = PBXGroup;
			children = (
				8F7C442D2351333C00B54A36 /* Application */,
				8FF6E73222B534F800F6D398 /* Main */,
				8FF6E74222B82D9A00F6D398 /* Fonts */,
				8FF6E72522AC0D2800F6D398 /* Color.swift */,
				8FF6E73122B534E000F6D398 /* Onboarding */,
				8F16DE6D2460831C00EFC1BD /* AddInsurance */,
				8FE52F06239BB0EE001A77F5 /* ListInsurance */,
				8F654669230195840053B3F8 /* Transition */,
				8FE52F05239BB0CD001A77F5 /* Stores */,
				8FF6E73022B5340900F6D398 /* Model */,
				8FF6E72222A70F5000F6D398 /* Custom */,
				8F5B5A3322771EBF00E79A40 /* Generated */,
				8FD84E6E2270E736009D563D /* Assets.xcassets */,
				8FA8F10D232D377F00670471 /* Color.xcassets */,
				8FD84E702270E736009D563D /* LaunchScreen.storyboard */,
				8FD84E732270E736009D563D /* Info.plist */,
				8F16DE7A246B417300EFC1BD /* Illustration */,
			);
			path = Holk;
			sourceTree = "<group>";
		};
		8FD84E7B2270E736009D563D /* HolkTests */ = {
			isa = PBXGroup;
			children = (
				8FD84E7C2270E736009D563D /* HolkTests.swift */,
				8FD84E7E2270E736009D563D /* Info.plist */,
			);
			path = HolkTests;
			sourceTree = "<group>";
		};
		8FD84E872270E7C9009D563D /* Network */ = {
			isa = PBXGroup;
			children = (
				8F0D403E227A0AD4000BD840 /* APIError.swift */,
				8F7C442B23511C5900B54A36 /* APIEndpoint.swift */,
				8F5D89E024505D23007F1B26 /* APIClient.swift */,
			);
			path = Network;
			sourceTree = "<group>";
		};
		8FE52F05239BB0CD001A77F5 /* Stores */ = {
			isa = PBXGroup;
			children = (
				8F5D89E32450EAE3007F1B26 /* Service */,
				8FD84E872270E7C9009D563D /* Network */,
				8F9807E622722D5E00584BA9 /* StoreController.swift */,
				8F25CAA0233E981800DC3B97 /* User.swift */,
				8F7C442923511C1200B54A36 /* AuthenticationStore.swift */,
				8F5D89E624534AB8007F1B26 /* UserStore.swift */,
				8FA5F374239D832C00083430 /* ProviderStore.swift */,
				8F3C7DAF23F82865002EDA57 /* InsuranceCredentialStore.swift */,
				8F33059F23FB32AA00E9B443 /* InsuranceStore.swift */,
				8FD676822492CB0700E62820 /* SuggestionStore.swift */,
			);
			path = Stores;
			sourceTree = "<group>";
		};
		8FE52F06239BB0EE001A77F5 /* ListInsurance */ = {
			isa = PBXGroup;
			children = (
				8FD676862493F78800E62820 /* InsurnaceSuggestion */,
				8F9C83D822A313EE005BB336 /* InsuranceOverview */,
				8FF6E73922B6B52200F6D398 /* InsuranceProtection */,
			);
			path = ListInsurance;
			sourceTree = "<group>";
		};
		8FE52F07239BBDD6001A77F5 /* Helper */ = {
			isa = PBXGroup;
			children = (
				8FE52F08239BBDEF001A77F5 /* KeychainService.swift */,
				8F7C442F2351336E00B54A36 /* BankIDService.swift */,
				8F16DE65245A127000EFC1BD /* EmailValidation.swift */,
			);
			path = Helper;
			sourceTree = "<group>";
		};
		8FF6E72222A70F5000F6D398 /* Custom */ = {
			isa = PBXGroup;
			children = (
				8FE52F07239BBDD6001A77F5 /* Helper */,
				8F9C83DD22A6E316005BB336 /* CustomView */,
				8F858A4523CB376B006B416A /* Extension */,
				8F858A4623CB377B006B416A /* Parser.swift */,
			);
			path = Custom;
			sourceTree = "<group>";
		};
		8FF6E72922B02CBB00F6D398 /* Cells */ = {
			isa = PBXGroup;
			children = (
				8FF6E72C22B0333000F6D398 /* InsuranceCollectionViewCell.swift */,
				8F5D89DE244EEB40007F1B26 /* InsuranceSuggestionCardCollectionViewCell.swift */,
				8FC81CF3248975E700F6BC8C /* HomeInsuranceCell */,
			);
			path = Cells;
			sourceTree = "<group>";
		};
		8FF6E73022B5340900F6D398 /* Model */ = {
			isa = PBXGroup;
			children = (
				8F16DE6B245DB5CB00EFC1BD /* IntegrateInsuranceResponse.swift */,
				8F25CA9F233E981800DC3B97 /* OauthAuthenticationResponse.swift */,
				8F66F2FB23BBFB580083DC3A /* BankIDAuthenticationResponse.swift */,
				8F5D89CF244B3569007F1B26 /* ScrapingStatusResponse.swift */,
				8F3305A123FB3A8100E9B443 /* AllInsuranceResponse.swift */,
				8FD6767D2492C8FB00E62820 /* Suggestion */,
				8F691D3424562EBC0093E965 /* User */,
				8F5AF02023C6679E00690373 /* InsuranceProvider */,
			);
			name = Model;
			path = Login/Model;
			sourceTree = "<group>";
		};
		8FF6E73122B534E000F6D398 /* Onboarding */ = {
			isa = PBXGroup;
			children = (
				8F5BE48A2471E68D006AE8AF /* OnboardingContainerViewController.swift */,
				8F25CAAB23429F7100DC3B97 /* OnboardingInsuranceTypeViewController.swift */,
				8F25CAA423410CB800DC3B97 /* OnboardingInsuranceProviderViewController.swift */,
				8F3C7DAD23F4AB63002EDA57 /* OnboardingConsentViewController.swift */,
				8F3C7DB123F833B4002EDA57 /* OnboardingConfirmationViewController.swift */,
				8F3C7DAB23F3439A002EDA57 /* OnboardingInsuranceCell.swift */,
				8F5BE488246FE16A006AE8AF /* OnboardingCell.swift */,
			);
			path = Onboarding;
			sourceTree = "<group>";
		};
		8FF6E73222B534F800F6D398 /* Main */ = {
			isa = PBXGroup;
			children = (
				8F16DE67245B3D8500EFC1BD /* ShellCoordinator.swift */,
				8F16DE69245CE43700EFC1BD /* OnboardingCoordinator.swift */,
				8FA941542353ADC200844D97 /* SessionCoordinator.swift */,
				8FC296BC23E75D08002A39D1 /* LandingPage */,
				8F6546702316FE190053B3F8 /* NewUserViewController.swift */,
				8F66F2FD23BC04F90083DC3A /* LoadingViewController.swift */,
				8F5B5A3A22783D0200E79A40 /* TabBarController.swift */,
			);
			path = Main;
			sourceTree = "<group>";
		};
		8FF6E73922B6B52200F6D398 /* InsuranceProtection */ = {
			isa = PBXGroup;
			children = (
				8FF6E73C22B6B59B00F6D398 /* InsuranceProtectionCoordinator.swift */,
				8FF6E73A22B6B55800F6D398 /* InsuranceProtectionViewController.swift */,
			);
			path = InsuranceProtection;
			sourceTree = "<group>";
		};
		8FF6E74222B82D9A00F6D398 /* Fonts */ = {
			isa = PBXGroup;
			children = (
				8F5BE490247AF8D5006AE8AF /* Montserrat-Regular.ttf */,
				8F5BE48E247AF819006AE8AF /* Montserrat-Medium.ttf */,
				8F4965E024154DC800DEAFC1 /* Montserrat-Bold.ttf */,
				8FF6E74922B82F3600F6D398 /* Montserrat-ExtraBold.ttf */,
				8F858A4C23CD16FC006B416A /* Poppins-SemiBold.ttf */,
				8FA766D024447BD8007EB2A2 /* Poppins-Medium.ttf */,
				8F858A4A23CD1470006B416A /* Poppins-Regular.ttf */,
				8F6BCA3522F73CBF004B887E /* Font Awesome 5 Brands-Regular-400.otf */,
				8F6BCA3822F73CBF004B887E /* Font Awesome 5 Duotone-Solid-900.otf */,
				8F6BCA3722F73CBF004B887E /* Font Awesome 5 Pro-Light-300.otf */,
				8F6BCA3622F73CBF004B887E /* Font Awesome 5 Pro-Regular-400.otf */,
				8F6BCA3422F73CBF004B887E /* Font Awesome 5 Pro-Solid-900.otf */,
				8FC81CEB2483FB4400F6BC8C /* Lato-Regular.ttf */,
				8FC81CED2483FB4C00F6BC8C /* Lato-Bold.ttf */,
				8FA766CE24435607007EB2A2 /* FontStyleGuide.swift */,
				8FF6E74022B82D1100F6D398 /* Font.swift */,
				8FA8F1112330148300670471 /* FontAwesome.swift */,
				8F2BB8E52332D4EB00E8AE4B /* FontLoader.swift */,
				8F25CA982337AAC100DC3B97 /* FontAwsome+UIExtensions.swift */,
			);
			path = Fonts;
			sourceTree = "<group>";
		};
/* End PBXGroup section */

/* Begin PBXNativeTarget section */
		8FD84E632270E732009D563D /* Holk */ = {
			isa = PBXNativeTarget;
			buildConfigurationList = 8FD84E812270E736009D563D /* Build configuration list for PBXNativeTarget "Holk" */;
			buildPhases = (
				3D19D1B1D8CC313608EA1398 /* [CP] Check Pods Manifest.lock */,
				8FD84E602270E732009D563D /* Sources */,
				8FD84E612270E732009D563D /* Frameworks */,
				8FD84E622270E732009D563D /* Resources */,
				9945BC5F37A1AE5C58840B37 /* [CP] Embed Pods Frameworks */,
			);
			buildRules = (
			);
			dependencies = (
			);
			name = Holk;
			productName = Holk;
			productReference = 8FD84E642270E732009D563D /* Holk.app */;
			productType = "com.apple.product-type.application";
		};
		8FD84E772270E736009D563D /* HolkTests */ = {
			isa = PBXNativeTarget;
			buildConfigurationList = 8FD84E842270E736009D563D /* Build configuration list for PBXNativeTarget "HolkTests" */;
			buildPhases = (
				B6982CF8A5008443E675EE9D /* [CP] Check Pods Manifest.lock */,
				8FD84E742270E736009D563D /* Sources */,
				8FD84E752270E736009D563D /* Frameworks */,
				8FD84E762270E736009D563D /* Resources */,
			);
			buildRules = (
			);
			dependencies = (
				8FD84E7A2270E736009D563D /* PBXTargetDependency */,
			);
			name = HolkTests;
			productName = HolkTests;
			productReference = 8FD84E782270E736009D563D /* HolkTests.xctest */;
			productType = "com.apple.product-type.bundle.unit-test";
		};
/* End PBXNativeTarget section */

/* Begin PBXProject section */
		8FD84E5C2270E732009D563D /* Project object */ = {
			isa = PBXProject;
			attributes = {
				LastSwiftUpdateCheck = 1020;
				LastUpgradeCheck = 1020;
				ORGANIZATIONNAME = Holk;
				TargetAttributes = {
					8FD84E632270E732009D563D = {
						CreatedOnToolsVersion = 10.2.1;
					};
					8FD84E772270E736009D563D = {
						CreatedOnToolsVersion = 10.2.1;
						TestTargetID = 8FD84E632270E732009D563D;
					};
				};
			};
			buildConfigurationList = 8FD84E5F2270E732009D563D /* Build configuration list for PBXProject "Holk" */;
			compatibilityVersion = "Xcode 9.3";
			developmentRegion = en;
			hasScannedForEncodings = 0;
			knownRegions = (
				en,
				Base,
			);
			mainGroup = 8FD84E5B2270E732009D563D;
			productRefGroup = 8FD84E652270E732009D563D /* Products */;
			projectDirPath = "";
			projectRoot = "";
			targets = (
				8FD84E632270E732009D563D /* Holk */,
				8FD84E772270E736009D563D /* HolkTests */,
			);
		};
/* End PBXProject section */

/* Begin PBXResourcesBuildPhase section */
		8FD84E622270E732009D563D /* Resources */ = {
			isa = PBXResourcesBuildPhase;
			buildActionMask = 2147483647;
			files = (
				8F16DE7C246B418F00EFC1BD /* Bell.json in Resources */,
				8FD84E722270E736009D563D /* LaunchScreen.storyboard in Resources */,
				8F5BE491247AF8D5006AE8AF /* Montserrat-Regular.ttf in Resources */,
				8FD84E6F2270E736009D563D /* Assets.xcassets in Resources */,
				8F5BE48F247AF819006AE8AF /* Montserrat-Medium.ttf in Resources */,
				8F858A4B23CD1470006B416A /* Poppins-Regular.ttf in Resources */,
				8FA766D124447BD8007EB2A2 /* Poppins-Medium.ttf in Resources */,
				8F6BCA3D22F73CBF004B887E /* Font Awesome 5 Duotone-Solid-900.otf in Resources */,
				8F858A4D23CD16FD006B416A /* Poppins-SemiBold.ttf in Resources */,
				8F6BCA3C22F73CBF004B887E /* Font Awesome 5 Pro-Light-300.otf in Resources */,
				8F6BCA3A22F73CBF004B887E /* Font Awesome 5 Brands-Regular-400.otf in Resources */,
				8FC81CEE2483FB4C00F6BC8C /* Lato-Bold.ttf in Resources */,
				8FF6E74A22B82F3600F6D398 /* Montserrat-ExtraBold.ttf in Resources */,
				8F6BCA3922F73CBF004B887E /* Font Awesome 5 Pro-Solid-900.otf in Resources */,
				8FC81CEC2483FB4400F6BC8C /* Lato-Regular.ttf in Resources */,
				8F4965E124154DC800DEAFC1 /* Montserrat-Bold.ttf in Resources */,
				8F6BCA3B22F73CBF004B887E /* Font Awesome 5 Pro-Regular-400.otf in Resources */,
				8FA8F10E232D377F00670471 /* Color.xcassets in Resources */,
			);
			runOnlyForDeploymentPostprocessing = 0;
		};
		8FD84E762270E736009D563D /* Resources */ = {
			isa = PBXResourcesBuildPhase;
			buildActionMask = 2147483647;
			files = (
			);
			runOnlyForDeploymentPostprocessing = 0;
		};
/* End PBXResourcesBuildPhase section */

/* Begin PBXShellScriptBuildPhase section */
		3D19D1B1D8CC313608EA1398 /* [CP] Check Pods Manifest.lock */ = {
			isa = PBXShellScriptBuildPhase;
			buildActionMask = 2147483647;
			files = (
			);
			inputPaths = (
				"${PODS_PODFILE_DIR_PATH}/Podfile.lock",
				"${PODS_ROOT}/Manifest.lock",
			);
			name = "[CP] Check Pods Manifest.lock";
			outputPaths = (
				"$(DERIVED_FILE_DIR)/Pods-Holk-checkManifestLockResult.txt",
			);
			runOnlyForDeploymentPostprocessing = 0;
			shellPath = /bin/sh;
			shellScript = "diff \"${PODS_PODFILE_DIR_PATH}/Podfile.lock\" \"${PODS_ROOT}/Manifest.lock\" > /dev/null\nif [ $? != 0 ] ; then\n    # print error to STDERR\n    echo \"error: The sandbox is not in sync with the Podfile.lock. Run 'pod install' or update your CocoaPods installation.\" >&2\n    exit 1\nfi\n# This output is used by Xcode 'outputs' to avoid re-running this script phase.\necho \"SUCCESS\" > \"${SCRIPT_OUTPUT_FILE_0}\"\n";
			showEnvVarsInLog = 0;
		};
		9945BC5F37A1AE5C58840B37 /* [CP] Embed Pods Frameworks */ = {
			isa = PBXShellScriptBuildPhase;
			buildActionMask = 2147483647;
			files = (
			);
			inputFileListPaths = (
				"${PODS_ROOT}/Target Support Files/Pods-Holk/Pods-Holk-frameworks-${CONFIGURATION}-input-files.xcfilelist",
			);
			name = "[CP] Embed Pods Frameworks";
			outputFileListPaths = (
				"${PODS_ROOT}/Target Support Files/Pods-Holk/Pods-Holk-frameworks-${CONFIGURATION}-output-files.xcfilelist",
			);
			runOnlyForDeploymentPostprocessing = 0;
			shellPath = /bin/sh;
			shellScript = "\"${PODS_ROOT}/Target Support Files/Pods-Holk/Pods-Holk-frameworks.sh\"\n";
			showEnvVarsInLog = 0;
		};
		B6982CF8A5008443E675EE9D /* [CP] Check Pods Manifest.lock */ = {
			isa = PBXShellScriptBuildPhase;
			buildActionMask = 2147483647;
			files = (
			);
			inputPaths = (
				"${PODS_PODFILE_DIR_PATH}/Podfile.lock",
				"${PODS_ROOT}/Manifest.lock",
			);
			name = "[CP] Check Pods Manifest.lock";
			outputPaths = (
				"$(DERIVED_FILE_DIR)/Pods-HolkTests-checkManifestLockResult.txt",
			);
			runOnlyForDeploymentPostprocessing = 0;
			shellPath = /bin/sh;
			shellScript = "diff \"${PODS_PODFILE_DIR_PATH}/Podfile.lock\" \"${PODS_ROOT}/Manifest.lock\" > /dev/null\nif [ $? != 0 ] ; then\n    # print error to STDERR\n    echo \"error: The sandbox is not in sync with the Podfile.lock. Run 'pod install' or update your CocoaPods installation.\" >&2\n    exit 1\nfi\n# This output is used by Xcode 'outputs' to avoid re-running this script phase.\necho \"SUCCESS\" > \"${SCRIPT_OUTPUT_FILE_0}\"\n";
			showEnvVarsInLog = 0;
		};
/* End PBXShellScriptBuildPhase section */

/* Begin PBXSourcesBuildPhase section */
		8FD84E602270E732009D563D /* Sources */ = {
			isa = PBXSourcesBuildPhase;
			buildActionMask = 2147483647;
			files = (
				8F16DE7324609F5D00EFC1BD /* AddInsuranceProviderViewController.swift in Sources */,
				8F3305A82401F27400E9B443 /* HolkRingChartLayer.swift in Sources */,
				8F6546712316FE190053B3F8 /* NewUserViewController.swift in Sources */,
				8F9807E722722D5E00584BA9 /* StoreController.swift in Sources */,
				8FD6768C2495107400E62820 /* InsuranceGapsSuggestionCollectionViewCell.swift in Sources */,
				8F16DE6A245CE43700EFC1BD /* OnboardingCoordinator.swift in Sources */,
				8FF6E75422B9634400F6D398 /* HolkSegmentedControl.swift in Sources */,
				8F5D89D5244B364B007F1B26 /* ProviderStatus.swift in Sources */,
				8FC296BB23E237D0002A39D1 /* LandingPageViewController.swift in Sources */,
				8FF6E73D22B6B59B00F6D398 /* InsuranceProtectionCoordinator.swift in Sources */,
				8F25CAA1233E981900DC3B97 /* OauthAuthenticationResponse.swift in Sources */,
				8F25CAA523410CB800DC3B97 /* OnboardingInsuranceProviderViewController.swift in Sources */,
				8FCEE9B123254B6C00F75FB8 /* KeyboardEventContext.swift in Sources */,
				8F4965DD2412F70100DEAFC1 /* HolkRingChartIconsView.swift in Sources */,
				8FF6E72622AC0D2800F6D398 /* Color.swift in Sources */,
				8F54C24D2431266900D72FD7 /* InsuranceDetailViewController.swift in Sources */,
				8F5D89D0244B356A007F1B26 /* ScrapingStatusResponse.swift in Sources */,
				8F2BB8E62332D4EB00E8AE4B /* FontLoader.swift in Sources */,
				8FD676832492CB0700E62820 /* SuggestionStore.swift in Sources */,
				8F3C7DAE23F4AB63002EDA57 /* OnboardingConsentViewController.swift in Sources */,
				8F5AF02423C6759C00690373 /* MockType.swift in Sources */,
				8F9807E92276F10E00584BA9 /* InsuranceCoordinator.swift in Sources */,
				8F48BE6723315F49004D79D2 /* HolkIllustrationLabel.swift in Sources */,
				8F54C24B242FD76E00D72FD7 /* HomeInsuranceDetailTableViewCell.swift in Sources */,
				8FA766CB24411265007EB2A2 /* UIScrollView+extension.swift in Sources */,
				8FF6E72822B026DB00F6D398 /* InsuranceListViewController.swift in Sources */,
				8F16DE6C245DB5CB00EFC1BD /* IntegrateInsuranceResponse.swift in Sources */,
				8F54C244242C07E000D72FD7 /* Result+extension.swift in Sources */,
				8FD6768E24951C8700E62820 /* ThinkOfSuggestion.swift in Sources */,
				8F7C442A23511C1200B54A36 /* AuthenticationStore.swift in Sources */,
				8FA766CD24433AA3007EB2A2 /* UILabel+extension.swift in Sources */,
				8FA941552353ADC200844D97 /* SessionCoordinator.swift in Sources */,
				8F5BE48B2471E68D006AE8AF /* OnboardingContainerViewController.swift in Sources */,
				8F0D4041227A0D68000BD840 /* OnboardingInfoViewController.swift in Sources */,
				8FD676882493F7A400E62820 /* InsuranceGapsSuggestionViewController.swift in Sources */,
				8FA8F1122330148300670471 /* FontAwesome.swift in Sources */,
				8F16DE772460A22300EFC1BD /* AddInsuranceConfirmationViewController.swift in Sources */,
				8F5B5A3822771ED400E79A40 /* StringConstants.swift in Sources */,
				8F66F2FE23BC04F90083DC3A /* LoadingViewController.swift in Sources */,
				8F25CAAC23429F7100DC3B97 /* OnboardingInsuranceTypeViewController.swift in Sources */,
				8F5BE489246FE16A006AE8AF /* OnboardingCell.swift in Sources */,
				8F5FA9422454EEBD009201A3 /* ProviderService.swift in Sources */,
				8F3305AA24029CBF00E9B443 /* HolkRingChartDataSource+Delegate.swift in Sources */,
				8F25CAA2233E981900DC3B97 /* User.swift in Sources */,
				8FF6E75222B960B300F6D398 /* UIImage+extension.swift in Sources */,
				8F16DE752460A0F200EFC1BD /* AddInsuranceConsentViewController.swift in Sources */,
				8F25CA992337AAC100DC3B97 /* FontAwsome+UIExtensions.swift in Sources */,
				8FD6767F2492C91A00E62820 /* GapSuggestion.swift in Sources */,
				8FD6768A2493F7C300E62820 /* InsuranceThinkOfSuggestionViewController.swift in Sources */,
				8F65466F230DC4CC0053B3F8 /* HolkTextField.swift in Sources */,
				8F0D403F227A0AD4000BD840 /* APIError.swift in Sources */,
				8F66F2FC23BBFB580083DC3A /* BankIDAuthenticationResponse.swift in Sources */,
				8FACE89623E767A900DCE741 /* UIButton+extension.swift in Sources */,
				8F48BE6C2332C7C7004D79D2 /* FontAwsomeEnum.swift in Sources */,
				8F691D332455C32F0093E965 /* URLRequest+extension.swift in Sources */,
				8F7C442C23511C5900B54A36 /* APIEndpoint.swift in Sources */,
				8F5D89E124505D23007F1B26 /* APIClient.swift in Sources */,
				8F5D89D6244B364B007F1B26 /* ProviderStatusResponse.swift in Sources */,
				8FD676852492CE0600E62820 /* SuggestionService.swift in Sources */,
				8FD6767A248EE66800E62820 /* UITableView+UICollectionView+extension.swift in Sources */,
				8F5BE48D24745EF5006AE8AF /* AddInsuranceContainerViewController.swift in Sources */,
				8F3C7DB223F833B4002EDA57 /* OnboardingConfirmationViewController.swift in Sources */,
				8FE52F09239BBDEF001A77F5 /* KeychainService.swift in Sources */,
				8F4965DF24130EA200DEAFC1 /* FloatingPoint+extension.swift in Sources */,
				8FC81CF22484051500F6BC8C /* HomeInsurnaceCollectionViewCell.swift in Sources */,
				8F3305A423FB3EEA00E9B443 /* DateFormatter+extension.swift in Sources */,
				8FD67691249527AC00E62820 /* InsuranceSuggestionHeaderView.swift in Sources */,
				8F691D3624562ED30093E965 /* AddUserEmailRequest.swift in Sources */,
				8F16DE68245B3D8500EFC1BD /* ShellCoordinator.swift in Sources */,
				8F858A4723CB377B006B416A /* Parser.swift in Sources */,
				8FD676812492C9CC00E62820 /* SuggestionsListResponse.swift in Sources */,
				8F3C7DAC23F3439A002EDA57 /* OnboardingInsuranceCell.swift in Sources */,
				8FF6E72422A70F6600F6D398 /* Then.swift in Sources */,
				8F9F6D9A23DA41A900B1727E /* HolkProgressBarView.swift in Sources */,
				8FCEE9B323254C2D00F75FB8 /* KeyboardEventFloatingViewHandler.swift in Sources */,
				8FA766C82440F729007EB2A2 /* HolkRoundBackgroundLabel.swift in Sources */,
				8F16DE66245A127000EFC1BD /* EmailValidation.swift in Sources */,
				8F5B5A3722771ED400E79A40 /* StoryboardsSegues.swift in Sources */,
				8FF0BEFF241AF4E800BB5A6A /* UINavigationController+extension.swift in Sources */,
				8FF6E73B22B6B55800F6D398 /* InsuranceProtectionViewController.swift in Sources */,
				8FF6E73422B57DA800F6D398 /* UITableViewCell+UICollectionViewCell+extension.swift in Sources */,
				8F3305A223FB3A8100E9B443 /* AllInsuranceResponse.swift in Sources */,
				8F54C246242C1FDC00D72FD7 /* UserInfoResponse.swift in Sources */,
				8FCEE9AE23254AAC00F75FB8 /* KeyboardEventObserver.swift in Sources */,
				8FD67678248EDBFF00E62820 /* HomeInsuranceCostCollectionViewCell.swift in Sources */,
				8F5D89E724534AB8007F1B26 /* UserStore.swift in Sources */,
				8F5D89E52450F11C007F1B26 /* AuthenticationService.swift in Sources */,
				8FA766CF24435607007EB2A2 /* FontStyleGuide.swift in Sources */,
				8FD84E682270E732009D563D /* AppDelegate.swift in Sources */,
				8F4965DB2412F17E00DEAFC1 /* HolkRingChartIconView.swift in Sources */,
				8F691D38245760310093E965 /* InsuranceService.swift in Sources */,
				8FF6E74122B82D1100F6D398 /* Font.swift in Sources */,
				8F5B5A3922771ED400E79A40 /* StoryboardsScenes.swift in Sources */,
				8FD6767C2490192B00E62820 /* InsuranceTransition.swift in Sources */,
				8F54C24F24328C0E00D72FD7 /* InsuranceDetailTransition.swift in Sources */,
				8F5D89DD244E45E3007F1B26 /* UICollectionViewCompositionalLayout+extension.swift in Sources */,
				8F5D89E924535028007F1B26 /* UserService.swift in Sources */,
				8FA5F375239D832C00083430 /* ProviderStore.swift in Sources */,
				8F3305A62401ECD400E9B443 /* HolkRingChart.swift in Sources */,
				8F5D89DA244CFD2B007F1B26 /* HolkFloatingCardView.swift in Sources */,
				8FC81CF02484011D00F6BC8C /* InsuranceViewController.swift in Sources */,
				8F691D3A24588C9C0093E965 /* InsuranceCredentialService.swift in Sources */,
				8F16DE7124609DA300EFC1BD /* AddInsuranceTypeViewController.swift in Sources */,
				8F3305A023FB32AB00E9B443 /* InsuranceStore.swift in Sources */,
				8FC296BE23E7614D002A39D1 /* LandingInfoViewController.swift in Sources */,
				8F5D89DF244EEB40007F1B26 /* InsuranceSuggestionCardCollectionViewCell.swift in Sources */,
				8F65466C230C78990053B3F8 /* HolkButton.swift in Sources */,
				8F7C44302351336E00B54A36 /* BankIDService.swift in Sources */,
				8FC81CF5248C478900F6BC8C /* HomeInsuranceBeneficiaryCollectionViewCell.swift in Sources */,
				8FF6E72D22B0333000F6D398 /* InsuranceCollectionViewCell.swift in Sources */,
				8F5B5A3B22783D0200E79A40 /* TabBarController.swift in Sources */,
				8F3C7DB023F82865002EDA57 /* InsuranceCredentialStore.swift in Sources */,
			);
			runOnlyForDeploymentPostprocessing = 0;
		};
		8FD84E742270E736009D563D /* Sources */ = {
			isa = PBXSourcesBuildPhase;
			buildActionMask = 2147483647;
			files = (
				8FD84E7D2270E736009D563D /* HolkTests.swift in Sources */,
			);
			runOnlyForDeploymentPostprocessing = 0;
		};
/* End PBXSourcesBuildPhase section */

/* Begin PBXTargetDependency section */
		8FD84E7A2270E736009D563D /* PBXTargetDependency */ = {
			isa = PBXTargetDependency;
			target = 8FD84E632270E732009D563D /* Holk */;
			targetProxy = 8FD84E792270E736009D563D /* PBXContainerItemProxy */;
		};
/* End PBXTargetDependency section */

/* Begin PBXVariantGroup section */
		8FD84E702270E736009D563D /* LaunchScreen.storyboard */ = {
			isa = PBXVariantGroup;
			children = (
				8FD84E712270E736009D563D /* Base */,
			);
			name = LaunchScreen.storyboard;
			sourceTree = "<group>";
		};
/* End PBXVariantGroup section */

/* Begin XCBuildConfiguration section */
		8FD84E7F2270E736009D563D /* Debug */ = {
			isa = XCBuildConfiguration;
			buildSettings = {
				ALWAYS_SEARCH_USER_PATHS = NO;
				CLANG_ANALYZER_NONNULL = YES;
				CLANG_ANALYZER_NUMBER_OBJECT_CONVERSION = YES_AGGRESSIVE;
				CLANG_CXX_LANGUAGE_STANDARD = "gnu++14";
				CLANG_CXX_LIBRARY = "libc++";
				CLANG_ENABLE_MODULES = YES;
				CLANG_ENABLE_OBJC_ARC = YES;
				CLANG_ENABLE_OBJC_WEAK = YES;
				CLANG_WARN_BLOCK_CAPTURE_AUTORELEASING = YES;
				CLANG_WARN_BOOL_CONVERSION = YES;
				CLANG_WARN_COMMA = YES;
				CLANG_WARN_CONSTANT_CONVERSION = YES;
				CLANG_WARN_DEPRECATED_OBJC_IMPLEMENTATIONS = YES;
				CLANG_WARN_DIRECT_OBJC_ISA_USAGE = YES_ERROR;
				CLANG_WARN_DOCUMENTATION_COMMENTS = YES;
				CLANG_WARN_EMPTY_BODY = YES;
				CLANG_WARN_ENUM_CONVERSION = YES;
				CLANG_WARN_INFINITE_RECURSION = YES;
				CLANG_WARN_INT_CONVERSION = YES;
				CLANG_WARN_NON_LITERAL_NULL_CONVERSION = YES;
				CLANG_WARN_OBJC_IMPLICIT_RETAIN_SELF = YES;
				CLANG_WARN_OBJC_LITERAL_CONVERSION = YES;
				CLANG_WARN_OBJC_ROOT_CLASS = YES_ERROR;
				CLANG_WARN_RANGE_LOOP_ANALYSIS = YES;
				CLANG_WARN_STRICT_PROTOTYPES = YES;
				CLANG_WARN_SUSPICIOUS_MOVE = YES;
				CLANG_WARN_UNGUARDED_AVAILABILITY = YES_AGGRESSIVE;
				CLANG_WARN_UNREACHABLE_CODE = YES;
				CLANG_WARN__DUPLICATE_METHOD_MATCH = YES;
				CODE_SIGN_IDENTITY = "iPhone Developer";
				COPY_PHASE_STRIP = NO;
				DEBUG_INFORMATION_FORMAT = dwarf;
				ENABLE_STRICT_OBJC_MSGSEND = YES;
				ENABLE_TESTABILITY = YES;
				GCC_C_LANGUAGE_STANDARD = gnu11;
				GCC_DYNAMIC_NO_PIC = NO;
				GCC_NO_COMMON_BLOCKS = YES;
				GCC_OPTIMIZATION_LEVEL = 0;
				GCC_PREPROCESSOR_DEFINITIONS = (
					"DEBUG=1",
					"$(inherited)",
				);
				GCC_WARN_64_TO_32_BIT_CONVERSION = YES;
				GCC_WARN_ABOUT_RETURN_TYPE = YES_ERROR;
				GCC_WARN_UNDECLARED_SELECTOR = YES;
				GCC_WARN_UNINITIALIZED_AUTOS = YES_AGGRESSIVE;
				GCC_WARN_UNUSED_FUNCTION = YES;
				GCC_WARN_UNUSED_VARIABLE = YES;
				IPHONEOS_DEPLOYMENT_TARGET = 13.0;
				MTL_ENABLE_DEBUG_INFO = INCLUDE_SOURCE;
				MTL_FAST_MATH = YES;
				ONLY_ACTIVE_ARCH = YES;
				SDKROOT = iphoneos;
				SWIFT_ACTIVE_COMPILATION_CONDITIONS = DEBUG;
				SWIFT_OPTIMIZATION_LEVEL = "-Onone";
			};
			name = Debug;
		};
		8FD84E802270E736009D563D /* Release */ = {
			isa = XCBuildConfiguration;
			buildSettings = {
				ALWAYS_SEARCH_USER_PATHS = NO;
				CLANG_ANALYZER_NONNULL = YES;
				CLANG_ANALYZER_NUMBER_OBJECT_CONVERSION = YES_AGGRESSIVE;
				CLANG_CXX_LANGUAGE_STANDARD = "gnu++14";
				CLANG_CXX_LIBRARY = "libc++";
				CLANG_ENABLE_MODULES = YES;
				CLANG_ENABLE_OBJC_ARC = YES;
				CLANG_ENABLE_OBJC_WEAK = YES;
				CLANG_WARN_BLOCK_CAPTURE_AUTORELEASING = YES;
				CLANG_WARN_BOOL_CONVERSION = YES;
				CLANG_WARN_COMMA = YES;
				CLANG_WARN_CONSTANT_CONVERSION = YES;
				CLANG_WARN_DEPRECATED_OBJC_IMPLEMENTATIONS = YES;
				CLANG_WARN_DIRECT_OBJC_ISA_USAGE = YES_ERROR;
				CLANG_WARN_DOCUMENTATION_COMMENTS = YES;
				CLANG_WARN_EMPTY_BODY = YES;
				CLANG_WARN_ENUM_CONVERSION = YES;
				CLANG_WARN_INFINITE_RECURSION = YES;
				CLANG_WARN_INT_CONVERSION = YES;
				CLANG_WARN_NON_LITERAL_NULL_CONVERSION = YES;
				CLANG_WARN_OBJC_IMPLICIT_RETAIN_SELF = YES;
				CLANG_WARN_OBJC_LITERAL_CONVERSION = YES;
				CLANG_WARN_OBJC_ROOT_CLASS = YES_ERROR;
				CLANG_WARN_RANGE_LOOP_ANALYSIS = YES;
				CLANG_WARN_STRICT_PROTOTYPES = YES;
				CLANG_WARN_SUSPICIOUS_MOVE = YES;
				CLANG_WARN_UNGUARDED_AVAILABILITY = YES_AGGRESSIVE;
				CLANG_WARN_UNREACHABLE_CODE = YES;
				CLANG_WARN__DUPLICATE_METHOD_MATCH = YES;
				CODE_SIGN_IDENTITY = "iPhone Developer";
				COPY_PHASE_STRIP = NO;
				DEBUG_INFORMATION_FORMAT = "dwarf-with-dsym";
				ENABLE_NS_ASSERTIONS = NO;
				ENABLE_STRICT_OBJC_MSGSEND = YES;
				GCC_C_LANGUAGE_STANDARD = gnu11;
				GCC_NO_COMMON_BLOCKS = YES;
				GCC_WARN_64_TO_32_BIT_CONVERSION = YES;
				GCC_WARN_ABOUT_RETURN_TYPE = YES_ERROR;
				GCC_WARN_UNDECLARED_SELECTOR = YES;
				GCC_WARN_UNINITIALIZED_AUTOS = YES_AGGRESSIVE;
				GCC_WARN_UNUSED_FUNCTION = YES;
				GCC_WARN_UNUSED_VARIABLE = YES;
				IPHONEOS_DEPLOYMENT_TARGET = 13.0;
				MTL_ENABLE_DEBUG_INFO = NO;
				MTL_FAST_MATH = YES;
				SDKROOT = iphoneos;
				SWIFT_COMPILATION_MODE = wholemodule;
				SWIFT_OPTIMIZATION_LEVEL = "-O";
				VALIDATE_PRODUCT = YES;
			};
			name = Release;
		};
		8FD84E822270E736009D563D /* Debug */ = {
			isa = XCBuildConfiguration;
			baseConfigurationReference = 97E98E517D78DF88FA66A5F6 /* Pods-Holk.debug.xcconfig */;
			buildSettings = {
				ASSETCATALOG_COMPILER_APPICON_NAME = AppIcon;
				CODE_SIGN_IDENTITY = "iPhone Developer";
				CODE_SIGN_STYLE = Manual;
				CURRENT_PROJECT_VERSION = 15;
				DEVELOPMENT_TEAM = B6L4JUFKP9;
				INFOPLIST_FILE = Holk/Info.plist;
				IPHONEOS_DEPLOYMENT_TARGET = 13.0;
				LD_RUNPATH_SEARCH_PATHS = (
					"$(inherited)",
					"@executable_path/Frameworks",
				);
				MARKETING_VERSION = 0.2;
				PRODUCT_BUNDLE_IDENTIFIER = com.holk.app;
				PRODUCT_NAME = "$(TARGET_NAME)";
				PROVISIONING_PROFILE_SPECIFIER = "iOS Dev";
				SWIFT_VERSION = 5.0;
				TARGETED_DEVICE_FAMILY = 1;
			};
			name = Debug;
		};
		8FD84E832270E736009D563D /* Release */ = {
			isa = XCBuildConfiguration;
			baseConfigurationReference = 8BE4C8D20BBE4A002F7E3A10 /* Pods-Holk.release.xcconfig */;
			buildSettings = {
				ASSETCATALOG_COMPILER_APPICON_NAME = AppIcon;
				CODE_SIGN_IDENTITY = "iPhone Distribution";
				CODE_SIGN_STYLE = Manual;
				CURRENT_PROJECT_VERSION = 15;
				DEVELOPMENT_TEAM = B6L4JUFKP9;
				INFOPLIST_FILE = Holk/Info.plist;
				IPHONEOS_DEPLOYMENT_TARGET = 13.0;
				LD_RUNPATH_SEARCH_PATHS = (
					"$(inherited)",
					"@executable_path/Frameworks",
				);
				MARKETING_VERSION = 0.2;
				PRODUCT_BUNDLE_IDENTIFIER = com.holk.app;
				PRODUCT_NAME = "$(TARGET_NAME)";
				PROVISIONING_PROFILE_SPECIFIER = "App Store";
				SWIFT_VERSION = 5.0;
				TARGETED_DEVICE_FAMILY = 1;
			};
			name = Release;
		};
		8FD84E852270E736009D563D /* Debug */ = {
			isa = XCBuildConfiguration;
			baseConfigurationReference = 724CB890DF743E54198823B2 /* Pods-HolkTests.debug.xcconfig */;
			buildSettings = {
				ALWAYS_EMBED_SWIFT_STANDARD_LIBRARIES = YES;
				BUNDLE_LOADER = "$(TEST_HOST)";
				CODE_SIGN_STYLE = Automatic;
				DEVELOPMENT_TEAM = S94C5KE8JD;
				INFOPLIST_FILE = HolkTests/Info.plist;
				LD_RUNPATH_SEARCH_PATHS = (
					"$(inherited)",
					"@executable_path/Frameworks",
					"@loader_path/Frameworks",
				);
				PRODUCT_BUNDLE_IDENTIFIER = com.holk.app.HolkTests;
				PRODUCT_NAME = "$(TARGET_NAME)";
				SWIFT_VERSION = 5.0;
				TARGETED_DEVICE_FAMILY = "1,2";
				TEST_HOST = "$(BUILT_PRODUCTS_DIR)/Holk.app/Holk";
			};
			name = Debug;
		};
		8FD84E862270E736009D563D /* Release */ = {
			isa = XCBuildConfiguration;
			baseConfigurationReference = CBDD3942014B08C5EE16C7C5 /* Pods-HolkTests.release.xcconfig */;
			buildSettings = {
				ALWAYS_EMBED_SWIFT_STANDARD_LIBRARIES = YES;
				BUNDLE_LOADER = "$(TEST_HOST)";
				CODE_SIGN_STYLE = Automatic;
				DEVELOPMENT_TEAM = S94C5KE8JD;
				INFOPLIST_FILE = HolkTests/Info.plist;
				LD_RUNPATH_SEARCH_PATHS = (
					"$(inherited)",
					"@executable_path/Frameworks",
					"@loader_path/Frameworks",
				);
				PRODUCT_BUNDLE_IDENTIFIER = com.holk.app.HolkTests;
				PRODUCT_NAME = "$(TARGET_NAME)";
				SWIFT_VERSION = 5.0;
				TARGETED_DEVICE_FAMILY = "1,2";
				TEST_HOST = "$(BUILT_PRODUCTS_DIR)/Holk.app/Holk";
			};
			name = Release;
		};
/* End XCBuildConfiguration section */

/* Begin XCConfigurationList section */
		8FD84E5F2270E732009D563D /* Build configuration list for PBXProject "Holk" */ = {
			isa = XCConfigurationList;
			buildConfigurations = (
				8FD84E7F2270E736009D563D /* Debug */,
				8FD84E802270E736009D563D /* Release */,
			);
			defaultConfigurationIsVisible = 0;
			defaultConfigurationName = Release;
		};
		8FD84E812270E736009D563D /* Build configuration list for PBXNativeTarget "Holk" */ = {
			isa = XCConfigurationList;
			buildConfigurations = (
				8FD84E822270E736009D563D /* Debug */,
				8FD84E832270E736009D563D /* Release */,
			);
			defaultConfigurationIsVisible = 0;
			defaultConfigurationName = Release;
		};
		8FD84E842270E736009D563D /* Build configuration list for PBXNativeTarget "HolkTests" */ = {
			isa = XCConfigurationList;
			buildConfigurations = (
				8FD84E852270E736009D563D /* Debug */,
				8FD84E862270E736009D563D /* Release */,
			);
			defaultConfigurationIsVisible = 0;
			defaultConfigurationName = Release;
		};
/* End XCConfigurationList section */
	};
	rootObject = 8FD84E5C2270E732009D563D /* Project object */;
}
